// !$*UTF8*$!
{
	archiveVersion = 1;
	classes = {
	};
	objectVersion = 51;
	objects = {

/* Begin PBXBuildFile section */
		30304E0123E249AC006DC6C3 /* LoginViewController.swift in Sources */ = {isa = PBXBuildFile; fileRef = 30304E0023E249AC006DC6C3 /* LoginViewController.swift */; };
		30304E0523E53BEE006DC6C3 /* Keys.swift in Sources */ = {isa = PBXBuildFile; fileRef = 30304E0423E53BEE006DC6C3 /* Keys.swift */; };
		30304E0923E78228006DC6C3 /* Constants.swift in Sources */ = {isa = PBXBuildFile; fileRef = 30304E0823E78228006DC6C3 /* Constants.swift */; };
		30304E0F23F4B6E4006DC6C3 /* CircularStd-Black.otf in Resources */ = {isa = PBXBuildFile; fileRef = 30304E0B23F4B6E3006DC6C3 /* CircularStd-Black.otf */; };
		30304E1023F4B6E4006DC6C3 /* CircularStd-Book.otf in Resources */ = {isa = PBXBuildFile; fileRef = 30304E0C23F4B6E3006DC6C3 /* CircularStd-Book.otf */; };
		30304E1123F4B6E4006DC6C3 /* CircularStd-Medium.otf in Resources */ = {isa = PBXBuildFile; fileRef = 30304E0D23F4B6E3006DC6C3 /* CircularStd-Medium.otf */; };
		30304E1223F4B6E4006DC6C3 /* CircularStd-Bold.otf in Resources */ = {isa = PBXBuildFile; fileRef = 30304E0E23F4B6E4006DC6C3 /* CircularStd-Bold.otf */; };
		30304E1423F4BCD4006DC6C3 /* UIFont+Shared.swift in Sources */ = {isa = PBXBuildFile; fileRef = 30304E1323F4BCD4006DC6C3 /* UIFont+Shared.swift */; };
		30304E1623F5B499006DC6C3 /* MatchSummaryTableViewCell.swift in Sources */ = {isa = PBXBuildFile; fileRef = 30304E1523F5B499006DC6C3 /* MatchSummaryTableViewCell.swift */; };
		30304E1B23FDF336006DC6C3 /* SchedulingTimeViewController.swift in Sources */ = {isa = PBXBuildFile; fileRef = 30304E1A23FDF336006DC6C3 /* SchedulingTimeViewController.swift */; };
		303F81A224394F95002937CD /* ProfileMenuViewController.swift in Sources */ = {isa = PBXBuildFile; fileRef = 303F81A124394F95002937CD /* ProfileMenuViewController.swift */; };
		303F81A424395EC2002937CD /* MenuOptionTableViewCell.swift in Sources */ = {isa = PBXBuildFile; fileRef = 303F81A324395EC2002937CD /* MenuOptionTableViewCell.swift */; };
		303F81A624395F63002937CD /* MenuOption.swift in Sources */ = {isa = PBXBuildFile; fileRef = 303F81A524395F63002937CD /* MenuOption.swift */; };
		305064532403960F00C5E491 /* SchedulingDayCollectionViewCell.swift in Sources */ = {isa = PBXBuildFile; fileRef = 305064522403960F00C5E491 /* SchedulingDayCollectionViewCell.swift */; };
		305064552403961D00C5E491 /* SchedulingTimeCollectionViewCell.swift in Sources */ = {isa = PBXBuildFile; fileRef = 305064542403961D00C5E491 /* SchedulingTimeCollectionViewCell.swift */; };
		30E3A3C5245678EA0049D09B /* Time+Helper.swift in Sources */ = {isa = PBXBuildFile; fileRef = 30E3A3C4245678EA0049D09B /* Time+Helper.swift */; };
		4F51324F23F3AE6B00DBDE96 /* Group.swift in Sources */ = {isa = PBXBuildFile; fileRef = 4F51324E23F3AE6B00DBDE96 /* Group.swift */; };
		4F753C15240F6F4100DEE686 /* SchedulingPlaceCollectionViewCell.swift in Sources */ = {isa = PBXBuildFile; fileRef = 4F753C14240F6F4100DEE686 /* SchedulingPlaceCollectionViewCell.swift */; };
		4F811F42253A4F1300F5A15C /* FadeWrapperView.swift in Sources */ = {isa = PBXBuildFile; fileRef = 4F811F41253A4F1300F5A15C /* FadeWrapperView.swift */; };
		4FCD1A3524072A03000A290B /* SchedulingPlacesViewController.swift in Sources */ = {isa = PBXBuildFile; fileRef = 4FCD1A3424072A03000A290B /* SchedulingPlacesViewController.swift */; };
		4FCE3AD3252006D5004E2E33 /* GoogleService-Info.plist in Resources */ = {isa = PBXBuildFile; fileRef = 4FCE3AD2252006D5004E2E33 /* GoogleService-Info.plist */; };
		4FCE3AEA25200DF0004E2E33 /* MeetupStatusView.swift in Sources */ = {isa = PBXBuildFile; fileRef = 4FCE3AE925200DF0004E2E33 /* MeetupStatusView.swift */; };
		4FD8152D23F781790095EC17 /* MatchSummary.swift in Sources */ = {isa = PBXBuildFile; fileRef = 4FD8152C23F781790095EC17 /* MatchSummary.swift */; };
		4FD8152F23F7817B0095EC17 /* Interest.swift in Sources */ = {isa = PBXBuildFile; fileRef = 4FD8152E23F7817B0095EC17 /* Interest.swift */; };
		4FFF3B2123E9088E00C89C29 /* UIColor+Shared.swift in Sources */ = {isa = PBXBuildFile; fileRef = 4FFF3B2023E9088E00C89C29 /* UIColor+Shared.swift */; };
		50038699252E74E80036A3E6 /* SettingsViewController.swift in Sources */ = {isa = PBXBuildFile; fileRef = 50038698252E74E80036A3E6 /* SettingsViewController.swift */; };
		5012B51525F835AF00F5F713 /* Keys.plist in Resources */ = {isa = PBXBuildFile; fileRef = 5012B51425F835AF00F5F713 /* Keys.plist */; };
		5012B55125F840FF00F5F713 /* FeedbackViewController.swift in Sources */ = {isa = PBXBuildFile; fileRef = 5012B55025F840FE00F5F713 /* FeedbackViewController.swift */; };
		5012B55625F8414D00F5F713 /* FeedbackOption.swift in Sources */ = {isa = PBXBuildFile; fileRef = 5012B55525F8414D00F5F713 /* FeedbackOption.swift */; };
		5012B55B25F841A300F5F713 /* FeedbackCollectionViewCell.swift in Sources */ = {isa = PBXBuildFile; fileRef = 5012B55A25F841A300F5F713 /* FeedbackCollectionViewCell.swift */; };
		5029873825389E4700E52EDA /* PausePearView.swift in Sources */ = {isa = PBXBuildFile; fileRef = 5029873725389E4700E52EDA /* PausePearView.swift */; };
		5029873E253AB2B000E52EDA /* EditTimeAvailabilityViewController.swift in Sources */ = {isa = PBXBuildFile; fileRef = 5029873D253AB2B000E52EDA /* EditTimeAvailabilityViewController.swift */; };
		50298746253C043F00E52EDA /* EditSocialMediaViewController.swift in Sources */ = {isa = PBXBuildFile; fileRef = 50298745253C043F00E52EDA /* EditSocialMediaViewController.swift */; };
		502AA52726486BF300A790C8 /* ChatViewController.swift in Sources */ = {isa = PBXBuildFile; fileRef = 502AA52626486BF300A790C8 /* ChatViewController.swift */; };
		502AA5292648716100A790C8 /* ChatTableViewCell.swift in Sources */ = {isa = PBXBuildFile; fileRef = 502AA5282648716100A790C8 /* ChatTableViewCell.swift */; };
		502AA52B26487B6F00A790C8 /* UITableView.swift in Sources */ = {isa = PBXBuildFile; fileRef = 502AA52A26487B6F00A790C8 /* UITableView.swift */; };
		502AA52D2648834500A790C8 /* ChatDateHeaderLabel.swift in Sources */ = {isa = PBXBuildFile; fileRef = 502AA52C2648834500A790C8 /* ChatDateHeaderLabel.swift */; };
		5030DCF52532B5F600374F7B /* SettingOption.swift in Sources */ = {isa = PBXBuildFile; fileRef = 5030DCF42532B5F600374F7B /* SettingOption.swift */; };
		5030DCFA2532C1D300374F7B /* SettingOptionTableViewCell.swift in Sources */ = {isa = PBXBuildFile; fileRef = 5030DCF92532C1D300374F7B /* SettingOptionTableViewCell.swift */; };
		5030DCFF2532CF9000374F7B /* AboutPearViewController.swift in Sources */ = {isa = PBXBuildFile; fileRef = 5030DCFE2532CF9000374F7B /* AboutPearViewController.swift */; };
		5030DD042532D63100374F7B /* AboutPearTableViewCell.swift in Sources */ = {isa = PBXBuildFile; fileRef = 5030DD032532D63100374F7B /* AboutPearTableViewCell.swift */; };
		5030DD092532D65600374F7B /* AboutParagraph.swift in Sources */ = {isa = PBXBuildFile; fileRef = 5030DD082532D65600374F7B /* AboutParagraph.swift */; };
		5048B4BA263EE70500A382AD /* LocationFooterLabelView.swift in Sources */ = {isa = PBXBuildFile; fileRef = 5048B4B9263EE70500A382AD /* LocationFooterLabelView.swift */; };
		5048B4BE263F56FD00A382AD /* MessagesViewController.swift in Sources */ = {isa = PBXBuildFile; fileRef = 5048B4BD263F56FD00A382AD /* MessagesViewController.swift */; };
		5048B4C0263F5F4600A382AD /* MessagesTableViewCell.swift in Sources */ = {isa = PBXBuildFile; fileRef = 5048B4BF263F5F4600A382AD /* MessagesTableViewCell.swift */; };
		5048B4C2263F623E00A382AD /* PearMessage.swift in Sources */ = {isa = PBXBuildFile; fileRef = 5048B4C1263F623E00A382AD /* PearMessage.swift */; };
		504CC120263A4AB500C163C4 /* SchedulingLocationCollectionViewController.swift in Sources */ = {isa = PBXBuildFile; fileRef = 504CC11F263A4AB500C163C4 /* SchedulingLocationCollectionViewController.swift */; };
		50705D3A25676AB1000F63EE /* EditLocationAvailabilityViewController.swift in Sources */ = {isa = PBXBuildFile; fileRef = 50705D3925676AB1000F63EE /* EditLocationAvailabilityViewController.swift */; };
		50AF1CBF256DF3F300D74A00 /* LocationHeaderLabelView.swift in Sources */ = {isa = PBXBuildFile; fileRef = 50AF1CBE256DF3F300D74A00 /* LocationHeaderLabelView.swift */; };
		50DA489226078B7B007654D5 /* FeedbackView.swift in Sources */ = {isa = PBXBuildFile; fileRef = 50DA489126078B7B007654D5 /* FeedbackView.swift */; };
		5B291E44598CA153010B5200 /* Pods_Pear.framework in Frameworks */ = {isa = PBXBuildFile; fileRef = 24DE57D283F5A2F0836EEE5D /* Pods_Pear.framework */; };
		7E06B8502543F15900D6B505 /* InterestsViewController.swift in Sources */ = {isa = PBXBuildFile; fileRef = 7E06B84F2543F15900D6B505 /* InterestsViewController.swift */; };
		D25F516F388317F9287D9AF9 /* Pods_Pear_PearUITests.framework in Frameworks */ = {isa = PBXBuildFile; fileRef = 5A2759DCBE7F764265EBF1D3 /* Pods_Pear_PearUITests.framework */; };
		D400CEDD2671B41E0045C64A /* TimeSchedule.swift in Sources */ = {isa = PBXBuildFile; fileRef = D400CEDC2671B41E0045C64A /* TimeSchedule.swift */; };
		D41FC30523F112B300F8673A /* GroupsViewController.swift in Sources */ = {isa = PBXBuildFile; fileRef = D41FC30423F112B300F8673A /* GroupsViewController.swift */; };
		D41FE85A246463E10048900F /* UserSession.swift in Sources */ = {isa = PBXBuildFile; fileRef = D41FE859246463E10048900F /* UserSession.swift */; };
		D41FE85C246463FC0048900F /* User.swift in Sources */ = {isa = PBXBuildFile; fileRef = D41FE85B246463FC0048900F /* User.swift */; };
		D41FE85E2464640F0048900F /* Match.swift in Sources */ = {isa = PBXBuildFile; fileRef = D41FE85D2464640F0048900F /* Match.swift */; };
		D41FE862246464310048900F /* SubUser.swift in Sources */ = {isa = PBXBuildFile; fileRef = D41FE861246464310048900F /* SubUser.swift */; };
		D42873F5263A0A180033678A /* MatchProfileViewController.swift in Sources */ = {isa = PBXBuildFile; fileRef = D42873F4263A0A180033678A /* MatchProfileViewController.swift */; };
		D42961892526012400C677C3 /* SimpleOnboardingCell.swift in Sources */ = {isa = PBXBuildFile; fileRef = D42961882526012400C677C3 /* SimpleOnboardingCell.swift */; };
		D42961A02526246600C677C3 /* HomeViewController.swift in Sources */ = {isa = PBXBuildFile; fileRef = D429619F2526246600C677C3 /* HomeViewController.swift */; };
		D42961A22526253B00C677C3 /* TabPageViewController.swift in Sources */ = {isa = PBXBuildFile; fileRef = D42961A12526253B00C677C3 /* TabPageViewController.swift */; };
		D4349979253C14320024A992 /* LeftAlignedFlowLayour.swift in Sources */ = {isa = PBXBuildFile; fileRef = D4349978253C14320024A992 /* LeftAlignedFlowLayour.swift */; };
		D434997B253C14C60024A992 /* SelfSizingCollectionView.swift in Sources */ = {isa = PBXBuildFile; fileRef = D434997A253C14C60024A992 /* SelfSizingCollectionView.swift */; };
		D434997D253C151C0024A992 /* InterestTagCollectionViewCell.swift in Sources */ = {isa = PBXBuildFile; fileRef = D434997C253C151C0024A992 /* InterestTagCollectionViewCell.swift */; };
		D440925125FB145400A4690A /* ProfileSummaryTableViewCell.swift in Sources */ = {isa = PBXBuildFile; fileRef = D440925025FB145400A4690A /* ProfileSummaryTableViewCell.swift */; };
		D440928025FDA3CC00A4690A /* ProfileSectionTableViewCell.swift in Sources */ = {isa = PBXBuildFile; fileRef = D440927F25FDA3CC00A4690A /* ProfileSectionTableViewCell.swift */; };
		D440928525FDA68500A4690A /* ProfilePromptTableViewCell.swift in Sources */ = {isa = PBXBuildFile; fileRef = D440928425FDA68500A4690A /* ProfilePromptTableViewCell.swift */; };
		D440928A25FDB10700A4690A /* ProfilePillCollectionViewCell.swift in Sources */ = {isa = PBXBuildFile; fileRef = D440928925FDB10700A4690A /* ProfilePillCollectionViewCell.swift */; };
		D444EB3E23F5E86400406978 /* OnboardingSearchDropdownView.swift in Sources */ = {isa = PBXBuildFile; fileRef = D444EB3D23F5E86400406978 /* OnboardingSearchDropdownView.swift */; };
		D444EB4023F7CB6700406978 /* OnboardingSelectDropdownView.swift in Sources */ = {isa = PBXBuildFile; fileRef = D444EB3F23F7CB6700406978 /* OnboardingSelectDropdownView.swift */; };
		D4490F4C2512F9A1002AA934 /* GoalsViewController.swift in Sources */ = {isa = PBXBuildFile; fileRef = D4490F4B2512F9A1002AA934 /* GoalsViewController.swift */; };
		D4490F4F2512FF69002AA934 /* SimpleOnboardingTableViewCell.swift in Sources */ = {isa = PBXBuildFile; fileRef = D4490F4E2512FF69002AA934 /* SimpleOnboardingTableViewCell.swift */; };
		D4645ABF25FE2EF30029F9A5 /* ChatStatus.swift in Sources */ = {isa = PBXBuildFile; fileRef = D4645ABE25FE2EF30029F9A5 /* ChatStatus.swift */; };
		D4645AC725FE2F6C0029F9A5 /* ProfileSectionType.swift in Sources */ = {isa = PBXBuildFile; fileRef = D4645AC625FE2F6C0029F9A5 /* ProfileSectionType.swift */; };
		D4645ADE2606C96B0029F9A5 /* URLSchemeHelper.swift in Sources */ = {isa = PBXBuildFile; fileRef = D4645ADD2606C96B0029F9A5 /* URLSchemeHelper.swift */; };
		D46A363025F3CA4F00EADA9F /* UserSocialMedia.swift in Sources */ = {isa = PBXBuildFile; fileRef = D46A362F25F3CA4F00EADA9F /* UserSocialMedia.swift */; };
		D471EDA8244DBE260079665D /* MessageAlertView.swift in Sources */ = {isa = PBXBuildFile; fileRef = D471EDA7244DBE260079665D /* MessageAlertView.swift */; };
		D474105625C6E7CE0062E2B4 /* UIImage.swift in Sources */ = {isa = PBXBuildFile; fileRef = D474105525C6E7CE0062E2B4 /* UIImage.swift */; };
		D474105B25C6EA350062E2B4 /* String.swift in Sources */ = {isa = PBXBuildFile; fileRef = D474105A25C6EA350062E2B4 /* String.swift */; };
		D480EBFF23E2429600513063 /* OnboardingDropdownTableViewCell.swift in Sources */ = {isa = PBXBuildFile; fileRef = D480EBFE23E2429600513063 /* OnboardingDropdownTableViewCell.swift */; };
		D480EC0623E2470000513063 /* ProfileViewController.swift in Sources */ = {isa = PBXBuildFile; fileRef = D480EC0523E2470000513063 /* ProfileViewController.swift */; };
		D48BB00B23DE099200E88129 /* AppDelegate.swift in Sources */ = {isa = PBXBuildFile; fileRef = D48BB00A23DE099200E88129 /* AppDelegate.swift */; };
		D48BB00D23DE099200E88129 /* SceneDelegate.swift in Sources */ = {isa = PBXBuildFile; fileRef = D48BB00C23DE099200E88129 /* SceneDelegate.swift */; };
		D48BB01223DE099200E88129 /* Main.storyboard in Resources */ = {isa = PBXBuildFile; fileRef = D48BB01023DE099200E88129 /* Main.storyboard */; };
		D48BB01423DE099800E88129 /* Assets.xcassets in Resources */ = {isa = PBXBuildFile; fileRef = D48BB01323DE099800E88129 /* Assets.xcassets */; };
		D48BB01723DE099800E88129 /* LaunchScreen.storyboard in Resources */ = {isa = PBXBuildFile; fileRef = D48BB01523DE099800E88129 /* LaunchScreen.storyboard */; };
		D48BB02223DE099900E88129 /* PearTests.swift in Sources */ = {isa = PBXBuildFile; fileRef = D48BB02123DE099900E88129 /* PearTests.swift */; };
		D48BB02D23DE099900E88129 /* PearUITests.swift in Sources */ = {isa = PBXBuildFile; fileRef = D48BB02C23DE099900E88129 /* PearUITests.swift */; };
		D48E31B125D95541009AB253 /* LoadingViewController.swift in Sources */ = {isa = PBXBuildFile; fileRef = D48E31B025D95541009AB253 /* LoadingViewController.swift */; };
		D48E31D125D9682B009AB253 /* UIAlertController.swift in Sources */ = {isa = PBXBuildFile; fileRef = D48E31D025D9682B009AB253 /* UIAlertController.swift */; };
		D48F6F30266EBE1600D844B7 /* MajorV2.swift in Sources */ = {isa = PBXBuildFile; fileRef = D48F6F2F266EBE1600D844B7 /* MajorV2.swift */; };
		D48F6F3B266FE9BD00D844B7 /* EditInterestsViewController.swift in Sources */ = {isa = PBXBuildFile; fileRef = D48F6F3A266FE9BC00D844B7 /* EditInterestsViewController.swift */; };
		D48F6F40267003F400D844B7 /* EditGroupsViewController.swift in Sources */ = {isa = PBXBuildFile; fileRef = D48F6F3F267003F400D844B7 /* EditGroupsViewController.swift */; };
		D48F6F4826700BDF00D844B7 /* EditSection.swift in Sources */ = {isa = PBXBuildFile; fileRef = D48F6F4726700BDF00D844B7 /* EditSection.swift */; };
		D498CFDA252646C500F2E2ED /* HomeTabOptionCollectionViewCell.swift in Sources */ = {isa = PBXBuildFile; fileRef = D498CFD9252646C500F2E2ED /* HomeTabOptionCollectionViewCell.swift */; };
		D498CFE225265FB200F2E2ED /* CommunityViewController.swift in Sources */ = {isa = PBXBuildFile; fileRef = D498CFE125265FB200F2E2ED /* CommunityViewController.swift */; };
		D4A812722650529000E3EF81 /* GeoPlaceResponse.swift in Sources */ = {isa = PBXBuildFile; fileRef = D4A812712650529000E3EF81 /* GeoPlaceResponse.swift */; };
		D4A8128D2650564A00E3EF81 /* ApiManager.swift in Sources */ = {isa = PBXBuildFile; fileRef = D4A8128C2650564A00E3EF81 /* ApiManager.swift */; };
		D4A812A4265077F700E3EF81 /* OnboardingTableViewCell.swift in Sources */ = {isa = PBXBuildFile; fileRef = D4A812A3265077F700E3EF81 /* OnboardingTableViewCell.swift */; };
		D4BE7531253790A900E37406 /* CommunityUserTableViewCell.swift in Sources */ = {isa = PBXBuildFile; fileRef = D4BE7530253790A900E37406 /* CommunityUserTableViewCell.swift */; };
		D4C11125244384BA009C7E12 /* EditDemographicsViewController.swift in Sources */ = {isa = PBXBuildFile; fileRef = D4C11124244384BA009C7E12 /* EditDemographicsViewController.swift */; };
		D4C8F58123EFC975007722F6 /* DemographicsViewController.swift in Sources */ = {isa = PBXBuildFile; fileRef = D4C8F58023EFC974007722F6 /* DemographicsViewController.swift */; };
		D4C8F58323EFC97F007722F6 /* OnboardingPageViewController.swift in Sources */ = {isa = PBXBuildFile; fileRef = D4C8F58223EFC97F007722F6 /* OnboardingPageViewController.swift */; };
		D4CFCDED240CBFCB00875F8D /* NoMatchViewController.swift in Sources */ = {isa = PBXBuildFile; fileRef = D4CFCDEC240CBFCB00875F8D /* NoMatchViewController.swift */; };
		D4D3EFF223FE546B00229587 /* LayoutHelper.swift in Sources */ = {isa = PBXBuildFile; fileRef = D4D3EFF123FE546B00229587 /* LayoutHelper.swift */; };
		D4D667492648CB1000D5E902 /* Networking.swift in Sources */ = {isa = PBXBuildFile; fileRef = D4D667482648CB1000D5E902 /* Networking.swift */; };
		D4D6674E2648CDCC00D5E902 /* UserV2.swift in Sources */ = {isa = PBXBuildFile; fileRef = D4D6674D2648CDCC00D5E902 /* UserV2.swift */; };
		D4DD8E3525E1C8D400CF15D5 /* NetworkManager.swift in Sources */ = {isa = PBXBuildFile; fileRef = D4DD8E3425E1C8D400CF15D5 /* NetworkManager.swift */; };
		D4DD8E3D25E1C8F800CF15D5 /* Endpoints.swift in Sources */ = {isa = PBXBuildFile; fileRef = D4DD8E3C25E1C8F800CF15D5 /* Endpoints.swift */; };
		D4DD8E4225E1C90300CF15D5 /* Body.swift in Sources */ = {isa = PBXBuildFile; fileRef = D4DD8E4125E1C90300CF15D5 /* Body.swift */; };
		D4DD8E4A25E1C92000CF15D5 /* Response.swift in Sources */ = {isa = PBXBuildFile; fileRef = D4DD8E4925E1C92000CF15D5 /* Response.swift */; };
		D4DDBF49257560B000D5C43A /* Demographics.swift in Sources */ = {isa = PBXBuildFile; fileRef = D4DDBF48257560B000D5C43A /* Demographics.swift */; };
		D4FFD108252BE0780036C4B2 /* SocialMediaViewController.swift in Sources */ = {isa = PBXBuildFile; fileRef = D4FFD107252BE0780036C4B2 /* SocialMediaViewController.swift */; };
		FEC94902EC5BA767975CF81A /* Pods_PearTests.framework in Frameworks */ = {isa = PBXBuildFile; fileRef = 4E4C4A403122C8E00F340C03 /* Pods_PearTests.framework */; };
/* End PBXBuildFile section */

/* Begin PBXContainerItemProxy section */
		D48BB01E23DE099900E88129 /* PBXContainerItemProxy */ = {
			isa = PBXContainerItemProxy;
			containerPortal = D48BAFFF23DE099200E88129 /* Project object */;
			proxyType = 1;
			remoteGlobalIDString = D48BB00623DE099200E88129;
			remoteInfo = Pear;
		};
		D48BB02923DE099900E88129 /* PBXContainerItemProxy */ = {
			isa = PBXContainerItemProxy;
			containerPortal = D48BAFFF23DE099200E88129 /* Project object */;
			proxyType = 1;
			remoteGlobalIDString = D48BB00623DE099200E88129;
			remoteInfo = Pear;
		};
/* End PBXContainerItemProxy section */

/* Begin PBXFileReference section */
		067987639AC1B59C5E3E2766 /* Pods-Pear.debug.xcconfig */ = {isa = PBXFileReference; includeInIndex = 1; lastKnownFileType = text.xcconfig; name = "Pods-Pear.debug.xcconfig"; path = "Target Support Files/Pods-Pear/Pods-Pear.debug.xcconfig"; sourceTree = "<group>"; };
		0AE329BBAC05B16E0D6D204C /* Pods-Pear-PearUITests.release.xcconfig */ = {isa = PBXFileReference; includeInIndex = 1; lastKnownFileType = text.xcconfig; name = "Pods-Pear-PearUITests.release.xcconfig"; path = "Target Support Files/Pods-Pear-PearUITests/Pods-Pear-PearUITests.release.xcconfig"; sourceTree = "<group>"; };
		24DE57D283F5A2F0836EEE5D /* Pods_Pear.framework */ = {isa = PBXFileReference; explicitFileType = wrapper.framework; includeInIndex = 0; path = Pods_Pear.framework; sourceTree = BUILT_PRODUCTS_DIR; };
		30304E0023E249AC006DC6C3 /* LoginViewController.swift */ = {isa = PBXFileReference; lastKnownFileType = sourcecode.swift; path = LoginViewController.swift; sourceTree = "<group>"; };
		30304E0423E53BEE006DC6C3 /* Keys.swift */ = {isa = PBXFileReference; lastKnownFileType = sourcecode.swift; path = Keys.swift; sourceTree = "<group>"; };
		30304E0823E78228006DC6C3 /* Constants.swift */ = {isa = PBXFileReference; lastKnownFileType = sourcecode.swift; path = Constants.swift; sourceTree = "<group>"; };
		30304E0B23F4B6E3006DC6C3 /* CircularStd-Black.otf */ = {isa = PBXFileReference; lastKnownFileType = file; path = "CircularStd-Black.otf"; sourceTree = "<group>"; };
		30304E0C23F4B6E3006DC6C3 /* CircularStd-Book.otf */ = {isa = PBXFileReference; lastKnownFileType = file; path = "CircularStd-Book.otf"; sourceTree = "<group>"; };
		30304E0D23F4B6E3006DC6C3 /* CircularStd-Medium.otf */ = {isa = PBXFileReference; lastKnownFileType = file; path = "CircularStd-Medium.otf"; sourceTree = "<group>"; };
		30304E0E23F4B6E4006DC6C3 /* CircularStd-Bold.otf */ = {isa = PBXFileReference; lastKnownFileType = file; path = "CircularStd-Bold.otf"; sourceTree = "<group>"; };
		30304E1323F4BCD4006DC6C3 /* UIFont+Shared.swift */ = {isa = PBXFileReference; lastKnownFileType = sourcecode.swift; path = "UIFont+Shared.swift"; sourceTree = "<group>"; };
		30304E1523F5B499006DC6C3 /* MatchSummaryTableViewCell.swift */ = {isa = PBXFileReference; lastKnownFileType = sourcecode.swift; path = MatchSummaryTableViewCell.swift; sourceTree = "<group>"; };
		30304E1A23FDF336006DC6C3 /* SchedulingTimeViewController.swift */ = {isa = PBXFileReference; lastKnownFileType = sourcecode.swift; path = SchedulingTimeViewController.swift; sourceTree = "<group>"; };
		303F81A124394F95002937CD /* ProfileMenuViewController.swift */ = {isa = PBXFileReference; lastKnownFileType = sourcecode.swift; path = ProfileMenuViewController.swift; sourceTree = "<group>"; };
		303F81A324395EC2002937CD /* MenuOptionTableViewCell.swift */ = {isa = PBXFileReference; lastKnownFileType = sourcecode.swift; path = MenuOptionTableViewCell.swift; sourceTree = "<group>"; };
		303F81A524395F63002937CD /* MenuOption.swift */ = {isa = PBXFileReference; lastKnownFileType = sourcecode.swift; path = MenuOption.swift; sourceTree = "<group>"; };
		305064522403960F00C5E491 /* SchedulingDayCollectionViewCell.swift */ = {isa = PBXFileReference; lastKnownFileType = sourcecode.swift; path = SchedulingDayCollectionViewCell.swift; sourceTree = "<group>"; };
		305064542403961D00C5E491 /* SchedulingTimeCollectionViewCell.swift */ = {isa = PBXFileReference; lastKnownFileType = sourcecode.swift; path = SchedulingTimeCollectionViewCell.swift; sourceTree = "<group>"; };
		30E3A3C4245678EA0049D09B /* Time+Helper.swift */ = {isa = PBXFileReference; lastKnownFileType = sourcecode.swift; path = "Time+Helper.swift"; sourceTree = "<group>"; };
		4E4C4A403122C8E00F340C03 /* Pods_PearTests.framework */ = {isa = PBXFileReference; explicitFileType = wrapper.framework; includeInIndex = 0; path = Pods_PearTests.framework; sourceTree = BUILT_PRODUCTS_DIR; };
		4F51324E23F3AE6B00DBDE96 /* Group.swift */ = {isa = PBXFileReference; lastKnownFileType = sourcecode.swift; name = Group.swift; path = Pear/Controller/Group.swift; sourceTree = SOURCE_ROOT; };
		4F753C14240F6F4100DEE686 /* SchedulingPlaceCollectionViewCell.swift */ = {isa = PBXFileReference; lastKnownFileType = sourcecode.swift; path = SchedulingPlaceCollectionViewCell.swift; sourceTree = "<group>"; };
		4F811F41253A4F1300F5A15C /* FadeWrapperView.swift */ = {isa = PBXFileReference; lastKnownFileType = sourcecode.swift; path = FadeWrapperView.swift; sourceTree = "<group>"; };
		4FCD1A3424072A03000A290B /* SchedulingPlacesViewController.swift */ = {isa = PBXFileReference; lastKnownFileType = sourcecode.swift; path = SchedulingPlacesViewController.swift; sourceTree = "<group>"; };
		4FCE3AD2252006D5004E2E33 /* GoogleService-Info.plist */ = {isa = PBXFileReference; fileEncoding = 4; lastKnownFileType = text.plist.xml; path = "GoogleService-Info.plist"; sourceTree = "<group>"; };
		4FCE3AE925200DF0004E2E33 /* MeetupStatusView.swift */ = {isa = PBXFileReference; lastKnownFileType = sourcecode.swift; path = MeetupStatusView.swift; sourceTree = "<group>"; };
		4FD8152C23F781790095EC17 /* MatchSummary.swift */ = {isa = PBXFileReference; fileEncoding = 4; lastKnownFileType = sourcecode.swift; path = MatchSummary.swift; sourceTree = "<group>"; };
		4FD8152E23F7817B0095EC17 /* Interest.swift */ = {isa = PBXFileReference; fileEncoding = 4; lastKnownFileType = sourcecode.swift; path = Interest.swift; sourceTree = "<group>"; };
		4FFF3B2023E9088E00C89C29 /* UIColor+Shared.swift */ = {isa = PBXFileReference; lastKnownFileType = sourcecode.swift; path = "UIColor+Shared.swift"; sourceTree = "<group>"; };
		50038698252E74E80036A3E6 /* SettingsViewController.swift */ = {isa = PBXFileReference; lastKnownFileType = sourcecode.swift; path = SettingsViewController.swift; sourceTree = "<group>"; };
		5012B51425F835AF00F5F713 /* Keys.plist */ = {isa = PBXFileReference; fileEncoding = 4; lastKnownFileType = text.plist.xml; path = Keys.plist; sourceTree = "<group>"; };
		5012B55025F840FE00F5F713 /* FeedbackViewController.swift */ = {isa = PBXFileReference; lastKnownFileType = sourcecode.swift; path = FeedbackViewController.swift; sourceTree = "<group>"; };
		5012B55525F8414D00F5F713 /* FeedbackOption.swift */ = {isa = PBXFileReference; lastKnownFileType = sourcecode.swift; path = FeedbackOption.swift; sourceTree = "<group>"; };
		5012B55A25F841A300F5F713 /* FeedbackCollectionViewCell.swift */ = {isa = PBXFileReference; lastKnownFileType = sourcecode.swift; path = FeedbackCollectionViewCell.swift; sourceTree = "<group>"; };
		5029873725389E4700E52EDA /* PausePearView.swift */ = {isa = PBXFileReference; lastKnownFileType = sourcecode.swift; path = PausePearView.swift; sourceTree = "<group>"; };
		5029873D253AB2B000E52EDA /* EditTimeAvailabilityViewController.swift */ = {isa = PBXFileReference; lastKnownFileType = sourcecode.swift; path = EditTimeAvailabilityViewController.swift; sourceTree = "<group>"; };
		50298745253C043F00E52EDA /* EditSocialMediaViewController.swift */ = {isa = PBXFileReference; lastKnownFileType = sourcecode.swift; path = EditSocialMediaViewController.swift; sourceTree = "<group>"; };
		502AA52626486BF300A790C8 /* ChatViewController.swift */ = {isa = PBXFileReference; lastKnownFileType = sourcecode.swift; path = ChatViewController.swift; sourceTree = "<group>"; };
		502AA5282648716100A790C8 /* ChatTableViewCell.swift */ = {isa = PBXFileReference; lastKnownFileType = sourcecode.swift; path = ChatTableViewCell.swift; sourceTree = "<group>"; };
		502AA52A26487B6F00A790C8 /* UITableView.swift */ = {isa = PBXFileReference; lastKnownFileType = sourcecode.swift; path = UITableView.swift; sourceTree = "<group>"; };
		502AA52C2648834500A790C8 /* ChatDateHeaderLabel.swift */ = {isa = PBXFileReference; lastKnownFileType = sourcecode.swift; path = ChatDateHeaderLabel.swift; sourceTree = "<group>"; };
		5030DCF42532B5F600374F7B /* SettingOption.swift */ = {isa = PBXFileReference; lastKnownFileType = sourcecode.swift; path = SettingOption.swift; sourceTree = "<group>"; };
		5030DCF92532C1D300374F7B /* SettingOptionTableViewCell.swift */ = {isa = PBXFileReference; lastKnownFileType = sourcecode.swift; path = SettingOptionTableViewCell.swift; sourceTree = "<group>"; };
		5030DCFE2532CF9000374F7B /* AboutPearViewController.swift */ = {isa = PBXFileReference; lastKnownFileType = sourcecode.swift; path = AboutPearViewController.swift; sourceTree = "<group>"; };
		5030DD032532D63100374F7B /* AboutPearTableViewCell.swift */ = {isa = PBXFileReference; lastKnownFileType = sourcecode.swift; path = AboutPearTableViewCell.swift; sourceTree = "<group>"; };
		5030DD082532D65600374F7B /* AboutParagraph.swift */ = {isa = PBXFileReference; lastKnownFileType = sourcecode.swift; path = AboutParagraph.swift; sourceTree = "<group>"; };
		5048B4B9263EE70500A382AD /* LocationFooterLabelView.swift */ = {isa = PBXFileReference; lastKnownFileType = sourcecode.swift; path = LocationFooterLabelView.swift; sourceTree = "<group>"; };
		5048B4BD263F56FD00A382AD /* MessagesViewController.swift */ = {isa = PBXFileReference; lastKnownFileType = sourcecode.swift; path = MessagesViewController.swift; sourceTree = "<group>"; };
		5048B4BF263F5F4600A382AD /* MessagesTableViewCell.swift */ = {isa = PBXFileReference; lastKnownFileType = sourcecode.swift; path = MessagesTableViewCell.swift; sourceTree = "<group>"; };
		5048B4C1263F623E00A382AD /* PearMessage.swift */ = {isa = PBXFileReference; lastKnownFileType = sourcecode.swift; path = PearMessage.swift; sourceTree = "<group>"; };
		504CC11F263A4AB500C163C4 /* SchedulingLocationCollectionViewController.swift */ = {isa = PBXFileReference; lastKnownFileType = sourcecode.swift; path = SchedulingLocationCollectionViewController.swift; sourceTree = "<group>"; };
		50705D3925676AB1000F63EE /* EditLocationAvailabilityViewController.swift */ = {isa = PBXFileReference; lastKnownFileType = sourcecode.swift; path = EditLocationAvailabilityViewController.swift; sourceTree = "<group>"; };
		50AF1CBE256DF3F300D74A00 /* LocationHeaderLabelView.swift */ = {isa = PBXFileReference; lastKnownFileType = sourcecode.swift; path = LocationHeaderLabelView.swift; sourceTree = "<group>"; };
		50DA489126078B7B007654D5 /* FeedbackView.swift */ = {isa = PBXFileReference; lastKnownFileType = sourcecode.swift; path = FeedbackView.swift; sourceTree = "<group>"; };
		5A2759DCBE7F764265EBF1D3 /* Pods_Pear_PearUITests.framework */ = {isa = PBXFileReference; explicitFileType = wrapper.framework; includeInIndex = 0; path = Pods_Pear_PearUITests.framework; sourceTree = BUILT_PRODUCTS_DIR; };
		7E06B84F2543F15900D6B505 /* InterestsViewController.swift */ = {isa = PBXFileReference; fileEncoding = 4; lastKnownFileType = sourcecode.swift; path = InterestsViewController.swift; sourceTree = "<group>"; };
		A37CF654CFFF2C3B82B76BF6 /* Pods-Pear.release.xcconfig */ = {isa = PBXFileReference; includeInIndex = 1; lastKnownFileType = text.xcconfig; name = "Pods-Pear.release.xcconfig"; path = "Target Support Files/Pods-Pear/Pods-Pear.release.xcconfig"; sourceTree = "<group>"; };
		A9CFCDDB1E604F399B2EE9DD /* Pods-PearTests.release.xcconfig */ = {isa = PBXFileReference; includeInIndex = 1; lastKnownFileType = text.xcconfig; name = "Pods-PearTests.release.xcconfig"; path = "Target Support Files/Pods-PearTests/Pods-PearTests.release.xcconfig"; sourceTree = "<group>"; };
		B36C954027F90CE60D87DD00 /* Pods-Pear-PearUITests.debug.xcconfig */ = {isa = PBXFileReference; includeInIndex = 1; lastKnownFileType = text.xcconfig; name = "Pods-Pear-PearUITests.debug.xcconfig"; path = "Target Support Files/Pods-Pear-PearUITests/Pods-Pear-PearUITests.debug.xcconfig"; sourceTree = "<group>"; };
		D400CEDC2671B41E0045C64A /* TimeSchedule.swift */ = {isa = PBXFileReference; lastKnownFileType = sourcecode.swift; path = TimeSchedule.swift; sourceTree = "<group>"; };
		D41FC30423F112B300F8673A /* GroupsViewController.swift */ = {isa = PBXFileReference; lastKnownFileType = sourcecode.swift; path = GroupsViewController.swift; sourceTree = "<group>"; };
		D41FE859246463E10048900F /* UserSession.swift */ = {isa = PBXFileReference; lastKnownFileType = sourcecode.swift; path = UserSession.swift; sourceTree = "<group>"; };
		D41FE85B246463FC0048900F /* User.swift */ = {isa = PBXFileReference; lastKnownFileType = sourcecode.swift; path = User.swift; sourceTree = "<group>"; };
		D41FE85D2464640F0048900F /* Match.swift */ = {isa = PBXFileReference; lastKnownFileType = sourcecode.swift; path = Match.swift; sourceTree = "<group>"; };
		D41FE861246464310048900F /* SubUser.swift */ = {isa = PBXFileReference; lastKnownFileType = sourcecode.swift; path = SubUser.swift; sourceTree = "<group>"; };
		D42873F4263A0A180033678A /* MatchProfileViewController.swift */ = {isa = PBXFileReference; lastKnownFileType = sourcecode.swift; path = MatchProfileViewController.swift; sourceTree = "<group>"; };
		D42961882526012400C677C3 /* SimpleOnboardingCell.swift */ = {isa = PBXFileReference; lastKnownFileType = sourcecode.swift; path = SimpleOnboardingCell.swift; sourceTree = "<group>"; };
		D429619F2526246600C677C3 /* HomeViewController.swift */ = {isa = PBXFileReference; lastKnownFileType = sourcecode.swift; path = HomeViewController.swift; sourceTree = "<group>"; };
		D42961A12526253B00C677C3 /* TabPageViewController.swift */ = {isa = PBXFileReference; lastKnownFileType = sourcecode.swift; path = TabPageViewController.swift; sourceTree = "<group>"; };
		D4349978253C14320024A992 /* LeftAlignedFlowLayour.swift */ = {isa = PBXFileReference; lastKnownFileType = sourcecode.swift; path = LeftAlignedFlowLayour.swift; sourceTree = "<group>"; };
		D434997A253C14C60024A992 /* SelfSizingCollectionView.swift */ = {isa = PBXFileReference; lastKnownFileType = sourcecode.swift; path = SelfSizingCollectionView.swift; sourceTree = "<group>"; };
		D434997C253C151C0024A992 /* InterestTagCollectionViewCell.swift */ = {isa = PBXFileReference; lastKnownFileType = sourcecode.swift; path = InterestTagCollectionViewCell.swift; sourceTree = "<group>"; };
		D440925025FB145400A4690A /* ProfileSummaryTableViewCell.swift */ = {isa = PBXFileReference; lastKnownFileType = sourcecode.swift; path = ProfileSummaryTableViewCell.swift; sourceTree = "<group>"; };
		D440927F25FDA3CC00A4690A /* ProfileSectionTableViewCell.swift */ = {isa = PBXFileReference; lastKnownFileType = sourcecode.swift; path = ProfileSectionTableViewCell.swift; sourceTree = "<group>"; };
		D440928425FDA68500A4690A /* ProfilePromptTableViewCell.swift */ = {isa = PBXFileReference; lastKnownFileType = sourcecode.swift; path = ProfilePromptTableViewCell.swift; sourceTree = "<group>"; };
		D440928925FDB10700A4690A /* ProfilePillCollectionViewCell.swift */ = {isa = PBXFileReference; lastKnownFileType = sourcecode.swift; path = ProfilePillCollectionViewCell.swift; sourceTree = "<group>"; };
		D444EB3D23F5E86400406978 /* OnboardingSearchDropdownView.swift */ = {isa = PBXFileReference; lastKnownFileType = sourcecode.swift; path = OnboardingSearchDropdownView.swift; sourceTree = "<group>"; };
		D444EB3F23F7CB6700406978 /* OnboardingSelectDropdownView.swift */ = {isa = PBXFileReference; lastKnownFileType = sourcecode.swift; path = OnboardingSelectDropdownView.swift; sourceTree = "<group>"; };
		D4490F4B2512F9A1002AA934 /* GoalsViewController.swift */ = {isa = PBXFileReference; lastKnownFileType = sourcecode.swift; path = GoalsViewController.swift; sourceTree = "<group>"; };
		D4490F4E2512FF69002AA934 /* SimpleOnboardingTableViewCell.swift */ = {isa = PBXFileReference; lastKnownFileType = sourcecode.swift; path = SimpleOnboardingTableViewCell.swift; sourceTree = "<group>"; };
		D4645ABE25FE2EF30029F9A5 /* ChatStatus.swift */ = {isa = PBXFileReference; lastKnownFileType = sourcecode.swift; path = ChatStatus.swift; sourceTree = "<group>"; };
		D4645AC625FE2F6C0029F9A5 /* ProfileSectionType.swift */ = {isa = PBXFileReference; lastKnownFileType = sourcecode.swift; path = ProfileSectionType.swift; sourceTree = "<group>"; };
		D4645ADD2606C96B0029F9A5 /* URLSchemeHelper.swift */ = {isa = PBXFileReference; lastKnownFileType = sourcecode.swift; path = URLSchemeHelper.swift; sourceTree = "<group>"; };
		D46A362F25F3CA4F00EADA9F /* UserSocialMedia.swift */ = {isa = PBXFileReference; lastKnownFileType = sourcecode.swift; path = UserSocialMedia.swift; sourceTree = "<group>"; };
		D471EDA7244DBE260079665D /* MessageAlertView.swift */ = {isa = PBXFileReference; lastKnownFileType = sourcecode.swift; path = MessageAlertView.swift; sourceTree = "<group>"; };
		D474105525C6E7CE0062E2B4 /* UIImage.swift */ = {isa = PBXFileReference; lastKnownFileType = sourcecode.swift; path = UIImage.swift; sourceTree = "<group>"; };
		D474105A25C6EA350062E2B4 /* String.swift */ = {isa = PBXFileReference; lastKnownFileType = sourcecode.swift; path = String.swift; sourceTree = "<group>"; };
		D480EBFE23E2429600513063 /* OnboardingDropdownTableViewCell.swift */ = {isa = PBXFileReference; lastKnownFileType = sourcecode.swift; path = OnboardingDropdownTableViewCell.swift; sourceTree = "<group>"; };
		D480EC0523E2470000513063 /* ProfileViewController.swift */ = {isa = PBXFileReference; lastKnownFileType = sourcecode.swift; path = ProfileViewController.swift; sourceTree = "<group>"; };
		D48BB00723DE099200E88129 /* Pear.app */ = {isa = PBXFileReference; explicitFileType = wrapper.application; includeInIndex = 0; path = Pear.app; sourceTree = BUILT_PRODUCTS_DIR; };
		D48BB00A23DE099200E88129 /* AppDelegate.swift */ = {isa = PBXFileReference; lastKnownFileType = sourcecode.swift; path = AppDelegate.swift; sourceTree = "<group>"; };
		D48BB00C23DE099200E88129 /* SceneDelegate.swift */ = {isa = PBXFileReference; lastKnownFileType = sourcecode.swift; path = SceneDelegate.swift; sourceTree = "<group>"; };
		D48BB01123DE099200E88129 /* Base */ = {isa = PBXFileReference; lastKnownFileType = file.storyboard; name = Base; path = Base.lproj/Main.storyboard; sourceTree = "<group>"; };
		D48BB01323DE099800E88129 /* Assets.xcassets */ = {isa = PBXFileReference; lastKnownFileType = folder.assetcatalog; path = Assets.xcassets; sourceTree = "<group>"; };
		D48BB01623DE099800E88129 /* Base */ = {isa = PBXFileReference; lastKnownFileType = file.storyboard; name = Base; path = Base.lproj/LaunchScreen.storyboard; sourceTree = "<group>"; };
		D48BB01823DE099800E88129 /* Info.plist */ = {isa = PBXFileReference; lastKnownFileType = text.plist.xml; path = Info.plist; sourceTree = "<group>"; };
		D48BB01D23DE099900E88129 /* PearTests.xctest */ = {isa = PBXFileReference; explicitFileType = wrapper.cfbundle; includeInIndex = 0; path = PearTests.xctest; sourceTree = BUILT_PRODUCTS_DIR; };
		D48BB02123DE099900E88129 /* PearTests.swift */ = {isa = PBXFileReference; lastKnownFileType = sourcecode.swift; path = PearTests.swift; sourceTree = "<group>"; };
		D48BB02323DE099900E88129 /* Info.plist */ = {isa = PBXFileReference; lastKnownFileType = text.plist.xml; path = Info.plist; sourceTree = "<group>"; };
		D48BB02823DE099900E88129 /* PearUITests.xctest */ = {isa = PBXFileReference; explicitFileType = wrapper.cfbundle; includeInIndex = 0; path = PearUITests.xctest; sourceTree = BUILT_PRODUCTS_DIR; };
		D48BB02C23DE099900E88129 /* PearUITests.swift */ = {isa = PBXFileReference; lastKnownFileType = sourcecode.swift; path = PearUITests.swift; sourceTree = "<group>"; };
		D48BB02E23DE099900E88129 /* Info.plist */ = {isa = PBXFileReference; lastKnownFileType = text.plist.xml; path = Info.plist; sourceTree = "<group>"; };
		D48E31B025D95541009AB253 /* LoadingViewController.swift */ = {isa = PBXFileReference; lastKnownFileType = sourcecode.swift; path = LoadingViewController.swift; sourceTree = "<group>"; };
		D48E31D025D9682B009AB253 /* UIAlertController.swift */ = {isa = PBXFileReference; lastKnownFileType = sourcecode.swift; path = UIAlertController.swift; sourceTree = "<group>"; };
		D48F6F2F266EBE1600D844B7 /* MajorV2.swift */ = {isa = PBXFileReference; lastKnownFileType = sourcecode.swift; path = MajorV2.swift; sourceTree = "<group>"; };
		D48F6F3A266FE9BC00D844B7 /* EditInterestsViewController.swift */ = {isa = PBXFileReference; lastKnownFileType = sourcecode.swift; path = EditInterestsViewController.swift; sourceTree = "<group>"; };
		D48F6F3F267003F400D844B7 /* EditGroupsViewController.swift */ = {isa = PBXFileReference; lastKnownFileType = sourcecode.swift; path = EditGroupsViewController.swift; sourceTree = "<group>"; };
		D48F6F4726700BDF00D844B7 /* EditSection.swift */ = {isa = PBXFileReference; lastKnownFileType = sourcecode.swift; path = EditSection.swift; sourceTree = "<group>"; };
		D498CFD9252646C500F2E2ED /* HomeTabOptionCollectionViewCell.swift */ = {isa = PBXFileReference; lastKnownFileType = sourcecode.swift; path = HomeTabOptionCollectionViewCell.swift; sourceTree = "<group>"; };
		D498CFE125265FB200F2E2ED /* CommunityViewController.swift */ = {isa = PBXFileReference; lastKnownFileType = sourcecode.swift; path = CommunityViewController.swift; sourceTree = "<group>"; };
		D4A812712650529000E3EF81 /* GeoPlaceResponse.swift */ = {isa = PBXFileReference; lastKnownFileType = sourcecode.swift; path = GeoPlaceResponse.swift; sourceTree = "<group>"; };
		D4A8128C2650564A00E3EF81 /* ApiManager.swift */ = {isa = PBXFileReference; lastKnownFileType = sourcecode.swift; path = ApiManager.swift; sourceTree = "<group>"; };
		D4A812A3265077F700E3EF81 /* OnboardingTableViewCell.swift */ = {isa = PBXFileReference; lastKnownFileType = sourcecode.swift; path = OnboardingTableViewCell.swift; sourceTree = "<group>"; };
		D4BE7530253790A900E37406 /* CommunityUserTableViewCell.swift */ = {isa = PBXFileReference; lastKnownFileType = sourcecode.swift; path = CommunityUserTableViewCell.swift; sourceTree = "<group>"; };
		D4C11124244384BA009C7E12 /* EditDemographicsViewController.swift */ = {isa = PBXFileReference; lastKnownFileType = sourcecode.swift; path = EditDemographicsViewController.swift; sourceTree = "<group>"; };
		D4C8F58023EFC974007722F6 /* DemographicsViewController.swift */ = {isa = PBXFileReference; fileEncoding = 4; lastKnownFileType = sourcecode.swift; path = DemographicsViewController.swift; sourceTree = "<group>"; };
		D4C8F58223EFC97F007722F6 /* OnboardingPageViewController.swift */ = {isa = PBXFileReference; fileEncoding = 4; lastKnownFileType = sourcecode.swift; path = OnboardingPageViewController.swift; sourceTree = "<group>"; };
		D4CFCDEC240CBFCB00875F8D /* NoMatchViewController.swift */ = {isa = PBXFileReference; lastKnownFileType = sourcecode.swift; path = NoMatchViewController.swift; sourceTree = "<group>"; };
		D4D3EFF123FE546B00229587 /* LayoutHelper.swift */ = {isa = PBXFileReference; lastKnownFileType = sourcecode.swift; path = LayoutHelper.swift; sourceTree = "<group>"; };
		D4D667482648CB1000D5E902 /* Networking.swift */ = {isa = PBXFileReference; lastKnownFileType = sourcecode.swift; path = Networking.swift; sourceTree = "<group>"; };
		D4D6674D2648CDCC00D5E902 /* UserV2.swift */ = {isa = PBXFileReference; lastKnownFileType = sourcecode.swift; path = UserV2.swift; sourceTree = "<group>"; };
		D4DD8E3425E1C8D400CF15D5 /* NetworkManager.swift */ = {isa = PBXFileReference; lastKnownFileType = sourcecode.swift; path = NetworkManager.swift; sourceTree = "<group>"; };
		D4DD8E3C25E1C8F800CF15D5 /* Endpoints.swift */ = {isa = PBXFileReference; lastKnownFileType = sourcecode.swift; path = Endpoints.swift; sourceTree = "<group>"; };
		D4DD8E4125E1C90300CF15D5 /* Body.swift */ = {isa = PBXFileReference; lastKnownFileType = sourcecode.swift; path = Body.swift; sourceTree = "<group>"; };
		D4DD8E4925E1C92000CF15D5 /* Response.swift */ = {isa = PBXFileReference; lastKnownFileType = sourcecode.swift; path = Response.swift; sourceTree = "<group>"; };
		D4DDBF48257560B000D5C43A /* Demographics.swift */ = {isa = PBXFileReference; lastKnownFileType = sourcecode.swift; path = Demographics.swift; sourceTree = "<group>"; };
		D4FFD107252BE0780036C4B2 /* SocialMediaViewController.swift */ = {isa = PBXFileReference; lastKnownFileType = sourcecode.swift; path = SocialMediaViewController.swift; sourceTree = "<group>"; };
		D8053162A067F7C5C83A11A0 /* Pods-PearTests.debug.xcconfig */ = {isa = PBXFileReference; includeInIndex = 1; lastKnownFileType = text.xcconfig; name = "Pods-PearTests.debug.xcconfig"; path = "Target Support Files/Pods-PearTests/Pods-PearTests.debug.xcconfig"; sourceTree = "<group>"; };
/* End PBXFileReference section */

/* Begin PBXFrameworksBuildPhase section */
		D48BB00423DE099200E88129 /* Frameworks */ = {
			isa = PBXFrameworksBuildPhase;
			buildActionMask = 2147483647;
			files = (
				5B291E44598CA153010B5200 /* Pods_Pear.framework in Frameworks */,
			);
			runOnlyForDeploymentPostprocessing = 0;
		};
		D48BB01A23DE099900E88129 /* Frameworks */ = {
			isa = PBXFrameworksBuildPhase;
			buildActionMask = 2147483647;
			files = (
				FEC94902EC5BA767975CF81A /* Pods_PearTests.framework in Frameworks */,
			);
			runOnlyForDeploymentPostprocessing = 0;
		};
		D48BB02523DE099900E88129 /* Frameworks */ = {
			isa = PBXFrameworksBuildPhase;
			buildActionMask = 2147483647;
			files = (
				D25F516F388317F9287D9AF9 /* Pods_Pear_PearUITests.framework in Frameworks */,
			);
			runOnlyForDeploymentPostprocessing = 0;
		};
/* End PBXFrameworksBuildPhase section */

/* Begin PBXGroup section */
		30304E0A23F4B6AC006DC6C3 /* Fonts */ = {
			isa = PBXGroup;
			children = (
				30304E0B23F4B6E3006DC6C3 /* CircularStd-Black.otf */,
				30304E0E23F4B6E4006DC6C3 /* CircularStd-Bold.otf */,
				30304E0C23F4B6E3006DC6C3 /* CircularStd-Book.otf */,
				30304E0D23F4B6E3006DC6C3 /* CircularStd-Medium.otf */,
			);
			path = Fonts;
			sourceTree = "<group>";
		};
		30304E1923F60CC9006DC6C3 /* Models */ = {
			isa = PBXGroup;
			children = (
				4FD8152C23F781790095EC17 /* MatchSummary.swift */,
				5048B4C1263F623E00A382AD /* PearMessage.swift */,
				5030DD082532D65600374F7B /* AboutParagraph.swift */,
				4FD8152E23F7817B0095EC17 /* Interest.swift */,
				303F81A524395F63002937CD /* MenuOption.swift */,
				5030DCF42532B5F600374F7B /* SettingOption.swift */,
				D41FE859246463E10048900F /* UserSession.swift */,
				D41FE85B246463FC0048900F /* User.swift */,
				D41FE85D2464640F0048900F /* Match.swift */,
				D41FE861246464310048900F /* SubUser.swift */,
				D42961882526012400C677C3 /* SimpleOnboardingCell.swift */,
				D4DDBF48257560B000D5C43A /* Demographics.swift */,
				D4DD8E4925E1C92000CF15D5 /* Response.swift */,
				D46A362F25F3CA4F00EADA9F /* UserSocialMedia.swift */,
				5012B55525F8414D00F5F713 /* FeedbackOption.swift */,
				D4D6674D2648CDCC00D5E902 /* UserV2.swift */,
				D4A812712650529000E3EF81 /* GeoPlaceResponse.swift */,
				D48F6F2F266EBE1600D844B7 /* MajorV2.swift */,
			);
			path = Models;
			sourceTree = "<group>";
		};
		4FD8152B23F780A00095EC17 /* Recovered References */ = {
			isa = PBXGroup;
			children = (
				4F51324E23F3AE6B00DBDE96 /* Group.swift */,
			);
			name = "Recovered References";
			sourceTree = "<group>";
		};
		4FFF3B1F23E9083F00C89C29 /* Extensions */ = {
			isa = PBXGroup;
			children = (
				4FFF3B2023E9088E00C89C29 /* UIColor+Shared.swift */,
				30304E1323F4BCD4006DC6C3 /* UIFont+Shared.swift */,
				D474105525C6E7CE0062E2B4 /* UIImage.swift */,
				D474105A25C6EA350062E2B4 /* String.swift */,
				D48E31D025D9682B009AB253 /* UIAlertController.swift */,
				502AA52A26487B6F00A790C8 /* UITableView.swift */,
			);
			path = Extensions;
			sourceTree = "<group>";
		};
		A3B9A34ACF9DD84471DE25AB /* Pods */ = {
			isa = PBXGroup;
			children = (
				067987639AC1B59C5E3E2766 /* Pods-Pear.debug.xcconfig */,
				A37CF654CFFF2C3B82B76BF6 /* Pods-Pear.release.xcconfig */,
				B36C954027F90CE60D87DD00 /* Pods-Pear-PearUITests.debug.xcconfig */,
				0AE329BBAC05B16E0D6D204C /* Pods-Pear-PearUITests.release.xcconfig */,
				D8053162A067F7C5C83A11A0 /* Pods-PearTests.debug.xcconfig */,
				A9CFCDDB1E604F399B2EE9DD /* Pods-PearTests.release.xcconfig */,
			);
			path = Pods;
			sourceTree = "<group>";
		};
		D400CEDB2671B3FB0045C64A /* Shared */ = {
			isa = PBXGroup;
			children = (
				D400CEDC2671B41E0045C64A /* TimeSchedule.swift */,
			);
			path = Shared;
			sourceTree = "<group>";
		};
		D4349977253C14190024A992 /* Layouts */ = {
			isa = PBXGroup;
			children = (
				D4349978253C14320024A992 /* LeftAlignedFlowLayour.swift */,
			);
			path = Layouts;
			sourceTree = "<group>";
		};
		D440924F25FB143900A4690A /* Profile */ = {
			isa = PBXGroup;
			children = (
				D480EC0523E2470000513063 /* ProfileViewController.swift */,
				D440925025FB145400A4690A /* ProfileSummaryTableViewCell.swift */,
				D440927F25FDA3CC00A4690A /* ProfileSectionTableViewCell.swift */,
				D440928425FDA68500A4690A /* ProfilePromptTableViewCell.swift */,
				D440928925FDB10700A4690A /* ProfilePillCollectionViewCell.swift */,
				D4645ABE25FE2EF30029F9A5 /* ChatStatus.swift */,
				D4645AC625FE2F6C0029F9A5 /* ProfileSectionType.swift */,
				D42873F4263A0A180033678A /* MatchProfileViewController.swift */,
			);
			path = Profile;
			sourceTree = "<group>";
		};
		D474108F25C729780062E2B4 /* Onboarding */ = {
			isa = PBXGroup;
			children = (
				D48E31FE25D9B799009AB253 /* Cells */,
				D4C8F58223EFC97F007722F6 /* OnboardingPageViewController.swift */,
				D4C8F58023EFC974007722F6 /* DemographicsViewController.swift */,
				7E06B84F2543F15900D6B505 /* InterestsViewController.swift */,
				D41FC30423F112B300F8673A /* GroupsViewController.swift */,
				D4490F4B2512F9A1002AA934 /* GoalsViewController.swift */,
				D4FFD107252BE0780036C4B2 /* SocialMediaViewController.swift */,
			);
			path = Onboarding;
			sourceTree = "<group>";
		};
		D480EBFD23E2425C00513063 /* Cells */ = {
			isa = PBXGroup;
			children = (
				D480EBFE23E2429600513063 /* OnboardingDropdownTableViewCell.swift */,
				502AA5282648716100A790C8 /* ChatTableViewCell.swift */,
				5048B4BF263F5F4600A382AD /* MessagesTableViewCell.swift */,
				5030DD032532D63100374F7B /* AboutPearTableViewCell.swift */,
				5030DCF92532C1D300374F7B /* SettingOptionTableViewCell.swift */,
				30304E1523F5B499006DC6C3 /* MatchSummaryTableViewCell.swift */,
				303F81A324395EC2002937CD /* MenuOptionTableViewCell.swift */,
				305064522403960F00C5E491 /* SchedulingDayCollectionViewCell.swift */,
				305064542403961D00C5E491 /* SchedulingTimeCollectionViewCell.swift */,
				4F753C14240F6F4100DEE686 /* SchedulingPlaceCollectionViewCell.swift */,
				D498CFD9252646C500F2E2ED /* HomeTabOptionCollectionViewCell.swift */,
				D4BE7530253790A900E37406 /* CommunityUserTableViewCell.swift */,
				D434997C253C151C0024A992 /* InterestTagCollectionViewCell.swift */,
				5012B55A25F841A300F5F713 /* FeedbackCollectionViewCell.swift */,
				D4A812A3265077F700E3EF81 /* OnboardingTableViewCell.swift */,
			);
			path = Cells;
			sourceTree = "<group>";
		};
		D480EC0023E2434200513063 /* Controller */ = {
			isa = PBXGroup;
			children = (
				504CC11F263A4AB500C163C4 /* SchedulingLocationCollectionViewController.swift */,
				4FCD1A3424072A03000A290B /* SchedulingPlacesViewController.swift */,
				5048B4BD263F56FD00A382AD /* MessagesViewController.swift */,
				502AA52626486BF300A790C8 /* ChatViewController.swift */,
				30304E0023E249AC006DC6C3 /* LoginViewController.swift */,
				30304E1A23FDF336006DC6C3 /* SchedulingTimeViewController.swift */,
				D4CFCDEC240CBFCB00875F8D /* NoMatchViewController.swift */,
				303F81A124394F95002937CD /* ProfileMenuViewController.swift */,
				D429619F2526246600C677C3 /* HomeViewController.swift */,
				5012B55025F840FE00F5F713 /* FeedbackViewController.swift */,
				D42961A12526253B00C677C3 /* TabPageViewController.swift */,
				D498CFE125265FB200F2E2ED /* CommunityViewController.swift */,
				D48E31B025D95541009AB253 /* LoadingViewController.swift */,
			);
			path = Controller;
			sourceTree = "<group>";
		};
		D480EC0123E2436F00513063 /* View */ = {
			isa = PBXGroup;
			children = (
				D444EB3D23F5E86400406978 /* OnboardingSearchDropdownView.swift */,
				50DA489126078B7B007654D5 /* FeedbackView.swift */,
				D444EB3F23F7CB6700406978 /* OnboardingSelectDropdownView.swift */,
				D471EDA7244DBE260079665D /* MessageAlertView.swift */,
				5029873725389E4700E52EDA /* PausePearView.swift */,
				4FCE3AE925200DF0004E2E33 /* MeetupStatusView.swift */,
				D434997A253C14C60024A992 /* SelfSizingCollectionView.swift */,
				4F811F41253A4F1300F5A15C /* FadeWrapperView.swift */,
				50AF1CBE256DF3F300D74A00 /* LocationHeaderLabelView.swift */,
				502AA52C2648834500A790C8 /* ChatDateHeaderLabel.swift */,
				5048B4B9263EE70500A382AD /* LocationFooterLabelView.swift */,
			);
			path = View;
			sourceTree = "<group>";
		};
		D480EC0223E2438200513063 /* Supporting */ = {
			isa = PBXGroup;
			children = (
				30304E0A23F4B6AC006DC6C3 /* Fonts */,
				4FCE3AD2252006D5004E2E33 /* GoogleService-Info.plist */,
				5012B51425F835AF00F5F713 /* Keys.plist */,
				30304E0423E53BEE006DC6C3 /* Keys.swift */,
				30304E0823E78228006DC6C3 /* Constants.swift */,
			);
			path = Supporting;
			sourceTree = "<group>";
		};
		D480EC0323E2439200513063 /* Networking */ = {
			isa = PBXGroup;
			children = (
				D4DD8E3425E1C8D400CF15D5 /* NetworkManager.swift */,
				D4DD8E3C25E1C8F800CF15D5 /* Endpoints.swift */,
				D4DD8E4125E1C90300CF15D5 /* Body.swift */,
				D4D667482648CB1000D5E902 /* Networking.swift */,
				D4A8128C2650564A00E3EF81 /* ApiManager.swift */,
			);
			path = Networking;
			sourceTree = "<group>";
		};
		D48BAFFE23DE099200E88129 = {
			isa = PBXGroup;
			children = (
				D48BB00923DE099200E88129 /* Pear */,
				D48BB02023DE099900E88129 /* PearTests */,
				D48BB02B23DE099900E88129 /* PearUITests */,
				D48BB00823DE099200E88129 /* Products */,
				A3B9A34ACF9DD84471DE25AB /* Pods */,
				4FD8152B23F780A00095EC17 /* Recovered References */,
				D57C372B7DAD2A03B0C235F8 /* Frameworks */,
			);
			sourceTree = "<group>";
		};
		D48BB00823DE099200E88129 /* Products */ = {
			isa = PBXGroup;
			children = (
				D48BB00723DE099200E88129 /* Pear.app */,
				D48BB01D23DE099900E88129 /* PearTests.xctest */,
				D48BB02823DE099900E88129 /* PearUITests.xctest */,
			);
			name = Products;
			sourceTree = "<group>";
		};
		D48BB00923DE099200E88129 /* Pear */ = {
			isa = PBXGroup;
			children = (
				D400CEDB2671B3FB0045C64A /* Shared */,
				D440924F25FB143900A4690A /* Profile */,
				D48E320E25D9CFF7009AB253 /* Settings */,
				D474108F25C729780062E2B4 /* Onboarding */,
				D4349977253C14190024A992 /* Layouts */,
				D4D3EFF023FE544D00229587 /* Utilities */,
				30304E1923F60CC9006DC6C3 /* Models */,
				4FFF3B1F23E9083F00C89C29 /* Extensions */,
				D480EC0323E2439200513063 /* Networking */,
				D480EC0223E2438200513063 /* Supporting */,
				D480EC0123E2436F00513063 /* View */,
				D480EC0023E2434200513063 /* Controller */,
				D480EBFD23E2425C00513063 /* Cells */,
				D48BB00A23DE099200E88129 /* AppDelegate.swift */,
				D48BB00C23DE099200E88129 /* SceneDelegate.swift */,
				D48BB01823DE099800E88129 /* Info.plist */,
				D48BB01023DE099200E88129 /* Main.storyboard */,
				D48BB01323DE099800E88129 /* Assets.xcassets */,
				D48BB01523DE099800E88129 /* LaunchScreen.storyboard */,
			);
			path = Pear;
			sourceTree = "<group>";
		};
		D48BB02023DE099900E88129 /* PearTests */ = {
			isa = PBXGroup;
			children = (
				D48BB02123DE099900E88129 /* PearTests.swift */,
				D48BB02323DE099900E88129 /* Info.plist */,
			);
			path = PearTests;
			sourceTree = "<group>";
		};
		D48BB02B23DE099900E88129 /* PearUITests */ = {
			isa = PBXGroup;
			children = (
				D48BB02C23DE099900E88129 /* PearUITests.swift */,
				D48BB02E23DE099900E88129 /* Info.plist */,
			);
			path = PearUITests;
			sourceTree = "<group>";
		};
		D48E31FE25D9B799009AB253 /* Cells */ = {
			isa = PBXGroup;
			children = (
				D4490F4E2512FF69002AA934 /* SimpleOnboardingTableViewCell.swift */,
			);
			path = Cells;
			sourceTree = "<group>";
		};
		D48E320E25D9CFF7009AB253 /* Settings */ = {
			isa = PBXGroup;
			children = (
				D4C11124244384BA009C7E12 /* EditDemographicsViewController.swift */,
				50705D3925676AB1000F63EE /* EditLocationAvailabilityViewController.swift */,
				5029873D253AB2B000E52EDA /* EditTimeAvailabilityViewController.swift */,
				50038698252E74E80036A3E6 /* SettingsViewController.swift */,
				5030DCFE2532CF9000374F7B /* AboutPearViewController.swift */,
				50298745253C043F00E52EDA /* EditSocialMediaViewController.swift */,
				D48F6F3A266FE9BC00D844B7 /* EditInterestsViewController.swift */,
				D48F6F3F267003F400D844B7 /* EditGroupsViewController.swift */,
				D48F6F4726700BDF00D844B7 /* EditSection.swift */,
			);
			path = Settings;
			sourceTree = "<group>";
		};
		D4D3EFF023FE544D00229587 /* Utilities */ = {
			isa = PBXGroup;
			children = (
				D4D3EFF123FE546B00229587 /* LayoutHelper.swift */,
				30E3A3C4245678EA0049D09B /* Time+Helper.swift */,
				D4645ADD2606C96B0029F9A5 /* URLSchemeHelper.swift */,
			);
			path = Utilities;
			sourceTree = "<group>";
		};
		D57C372B7DAD2A03B0C235F8 /* Frameworks */ = {
			isa = PBXGroup;
			children = (
				24DE57D283F5A2F0836EEE5D /* Pods_Pear.framework */,
				5A2759DCBE7F764265EBF1D3 /* Pods_Pear_PearUITests.framework */,
				4E4C4A403122C8E00F340C03 /* Pods_PearTests.framework */,
			);
			name = Frameworks;
			sourceTree = "<group>";
		};
/* End PBXGroup section */

/* Begin PBXNativeTarget section */
		D48BB00623DE099200E88129 /* Pear */ = {
			isa = PBXNativeTarget;
			buildConfigurationList = D48BB03123DE099900E88129 /* Build configuration list for PBXNativeTarget "Pear" */;
			buildPhases = (
				0669CC54B2CA378C2FE102DE /* [CP] Check Pods Manifest.lock */,
				D48BB00323DE099200E88129 /* Sources */,
				D48BB00423DE099200E88129 /* Frameworks */,
				D48BB00523DE099200E88129 /* Resources */,
				7E44D83F254331520070D8CB /* ShellScript */,
				F81322423BBCEC3500D21C73 /* [CP] Embed Pods Frameworks */,
				FB699FF32274D76B25EC8292 /* [CP] Copy Pods Resources */,
			);
			buildRules = (
			);
			dependencies = (
			);
			name = Pear;
			productName = Pear;
			productReference = D48BB00723DE099200E88129 /* Pear.app */;
			productType = "com.apple.product-type.application";
		};
		D48BB01C23DE099900E88129 /* PearTests */ = {
			isa = PBXNativeTarget;
			buildConfigurationList = D48BB03423DE099900E88129 /* Build configuration list for PBXNativeTarget "PearTests" */;
			buildPhases = (
				C1A828CFFD1C9B90FC23791F /* [CP] Check Pods Manifest.lock */,
				D48BB01923DE099900E88129 /* Sources */,
				D48BB01A23DE099900E88129 /* Frameworks */,
				D48BB01B23DE099900E88129 /* Resources */,
			);
			buildRules = (
			);
			dependencies = (
				D48BB01F23DE099900E88129 /* PBXTargetDependency */,
			);
			name = PearTests;
			productName = PearTests;
			productReference = D48BB01D23DE099900E88129 /* PearTests.xctest */;
			productType = "com.apple.product-type.bundle.unit-test";
		};
		D48BB02723DE099900E88129 /* PearUITests */ = {
			isa = PBXNativeTarget;
			buildConfigurationList = D48BB03723DE099900E88129 /* Build configuration list for PBXNativeTarget "PearUITests" */;
			buildPhases = (
				A0BEBDDAB6AEC45AAE7CCA15 /* [CP] Check Pods Manifest.lock */,
				D48BB02423DE099900E88129 /* Sources */,
				D48BB02523DE099900E88129 /* Frameworks */,
				D48BB02623DE099900E88129 /* Resources */,
				7D1BADA17650A804C368196E /* [CP] Embed Pods Frameworks */,
				8A623F5A6CD1C0CD0F9C27D1 /* [CP] Copy Pods Resources */,
			);
			buildRules = (
			);
			dependencies = (
				D48BB02A23DE099900E88129 /* PBXTargetDependency */,
			);
			name = PearUITests;
			productName = PearUITests;
			productReference = D48BB02823DE099900E88129 /* PearUITests.xctest */;
			productType = "com.apple.product-type.bundle.ui-testing";
		};
/* End PBXNativeTarget section */

/* Begin PBXProject section */
		D48BAFFF23DE099200E88129 /* Project object */ = {
			isa = PBXProject;
			attributes = {
				LastSwiftUpdateCheck = 1130;
				LastUpgradeCheck = 1220;
				ORGANIZATIONNAME = cuappdev;
				TargetAttributes = {
					D48BB00623DE099200E88129 = {
						CreatedOnToolsVersion = 11.3.1;
					};
					D48BB01C23DE099900E88129 = {
						CreatedOnToolsVersion = 11.3.1;
						TestTargetID = D48BB00623DE099200E88129;
					};
					D48BB02723DE099900E88129 = {
						CreatedOnToolsVersion = 11.3.1;
						TestTargetID = D48BB00623DE099200E88129;
					};
				};
			};
			buildConfigurationList = D48BB00223DE099200E88129 /* Build configuration list for PBXProject "Pear" */;
			compatibilityVersion = "Xcode 9.3";
			developmentRegion = en;
			hasScannedForEncodings = 0;
			knownRegions = (
				en,
				Base,
			);
			mainGroup = D48BAFFE23DE099200E88129;
			productRefGroup = D48BB00823DE099200E88129 /* Products */;
			projectDirPath = "";
			projectRoot = "";
			targets = (
				D48BB00623DE099200E88129 /* Pear */,
				D48BB01C23DE099900E88129 /* PearTests */,
				D48BB02723DE099900E88129 /* PearUITests */,
			);
		};
/* End PBXProject section */

/* Begin PBXResourcesBuildPhase section */
		D48BB00523DE099200E88129 /* Resources */ = {
			isa = PBXResourcesBuildPhase;
			buildActionMask = 2147483647;
			files = (
				30304E1223F4B6E4006DC6C3 /* CircularStd-Bold.otf in Resources */,
				30304E1023F4B6E4006DC6C3 /* CircularStd-Book.otf in Resources */,
				4FCE3AD3252006D5004E2E33 /* GoogleService-Info.plist in Resources */,
				D48BB01723DE099800E88129 /* LaunchScreen.storyboard in Resources */,
				D48BB01423DE099800E88129 /* Assets.xcassets in Resources */,
				D48BB01223DE099200E88129 /* Main.storyboard in Resources */,
				5012B51525F835AF00F5F713 /* Keys.plist in Resources */,
				30304E0F23F4B6E4006DC6C3 /* CircularStd-Black.otf in Resources */,
				30304E1123F4B6E4006DC6C3 /* CircularStd-Medium.otf in Resources */,
			);
			runOnlyForDeploymentPostprocessing = 0;
		};
		D48BB01B23DE099900E88129 /* Resources */ = {
			isa = PBXResourcesBuildPhase;
			buildActionMask = 2147483647;
			files = (
			);
			runOnlyForDeploymentPostprocessing = 0;
		};
		D48BB02623DE099900E88129 /* Resources */ = {
			isa = PBXResourcesBuildPhase;
			buildActionMask = 2147483647;
			files = (
			);
			runOnlyForDeploymentPostprocessing = 0;
		};
/* End PBXResourcesBuildPhase section */

/* Begin PBXShellScriptBuildPhase section */
		0669CC54B2CA378C2FE102DE /* [CP] Check Pods Manifest.lock */ = {
			isa = PBXShellScriptBuildPhase;
			buildActionMask = 2147483647;
			files = (
			);
			inputFileListPaths = (
			);
			inputPaths = (
				"${PODS_PODFILE_DIR_PATH}/Podfile.lock",
				"${PODS_ROOT}/Manifest.lock",
			);
			name = "[CP] Check Pods Manifest.lock";
			outputFileListPaths = (
			);
			outputPaths = (
				"$(DERIVED_FILE_DIR)/Pods-Pear-checkManifestLockResult.txt",
			);
			runOnlyForDeploymentPostprocessing = 0;
			shellPath = /bin/sh;
			shellScript = "diff \"${PODS_PODFILE_DIR_PATH}/Podfile.lock\" \"${PODS_ROOT}/Manifest.lock\" > /dev/null\nif [ $? != 0 ] ; then\n    # print error to STDERR\n    echo \"error: The sandbox is not in sync with the Podfile.lock. Run 'pod install' or update your CocoaPods installation.\" >&2\n    exit 1\nfi\n# This output is used by Xcode 'outputs' to avoid re-running this script phase.\necho \"SUCCESS\" > \"${SCRIPT_OUTPUT_FILE_0}\"\n";
			showEnvVarsInLog = 0;
		};
		7D1BADA17650A804C368196E /* [CP] Embed Pods Frameworks */ = {
			isa = PBXShellScriptBuildPhase;
			buildActionMask = 2147483647;
			files = (
			);
			inputFileListPaths = (
				"${PODS_ROOT}/Target Support Files/Pods-Pear-PearUITests/Pods-Pear-PearUITests-frameworks-${CONFIGURATION}-input-files.xcfilelist",
			);
			name = "[CP] Embed Pods Frameworks";
			outputFileListPaths = (
				"${PODS_ROOT}/Target Support Files/Pods-Pear-PearUITests/Pods-Pear-PearUITests-frameworks-${CONFIGURATION}-output-files.xcfilelist",
			);
			runOnlyForDeploymentPostprocessing = 0;
			shellPath = /bin/sh;
			shellScript = "\"${PODS_ROOT}/Target Support Files/Pods-Pear-PearUITests/Pods-Pear-PearUITests-frameworks.sh\"\n";
			showEnvVarsInLog = 0;
		};
		7E44D83F254331520070D8CB /* ShellScript */ = {
			isa = PBXShellScriptBuildPhase;
			buildActionMask = 2147483647;
			files = (
			);
			inputFileListPaths = (
			);
			inputPaths = (
			);
			outputFileListPaths = (
			);
			outputPaths = (
			);
			runOnlyForDeploymentPostprocessing = 0;
			shellPath = /bin/sh;
			shellScript = "if which swiftlint >/dev/null; then\n  swiftlint\nelse\n  echo \"warning: SwiftLint not installed, download from https://github.com/realm/SwiftLint\"\nfi\n";
		};
		8A623F5A6CD1C0CD0F9C27D1 /* [CP] Copy Pods Resources */ = {
			isa = PBXShellScriptBuildPhase;
			buildActionMask = 2147483647;
			files = (
			);
			inputFileListPaths = (
				"${PODS_ROOT}/Target Support Files/Pods-Pear-PearUITests/Pods-Pear-PearUITests-resources-${CONFIGURATION}-input-files.xcfilelist",
			);
			name = "[CP] Copy Pods Resources";
			outputFileListPaths = (
				"${PODS_ROOT}/Target Support Files/Pods-Pear-PearUITests/Pods-Pear-PearUITests-resources-${CONFIGURATION}-output-files.xcfilelist",
			);
			runOnlyForDeploymentPostprocessing = 0;
			shellPath = /bin/sh;
			shellScript = "\"${PODS_ROOT}/Target Support Files/Pods-Pear-PearUITests/Pods-Pear-PearUITests-resources.sh\"\n";
			showEnvVarsInLog = 0;
		};
		A0BEBDDAB6AEC45AAE7CCA15 /* [CP] Check Pods Manifest.lock */ = {
			isa = PBXShellScriptBuildPhase;
			buildActionMask = 2147483647;
			files = (
			);
			inputFileListPaths = (
			);
			inputPaths = (
				"${PODS_PODFILE_DIR_PATH}/Podfile.lock",
				"${PODS_ROOT}/Manifest.lock",
			);
			name = "[CP] Check Pods Manifest.lock";
			outputFileListPaths = (
			);
			outputPaths = (
				"$(DERIVED_FILE_DIR)/Pods-Pear-PearUITests-checkManifestLockResult.txt",
			);
			runOnlyForDeploymentPostprocessing = 0;
			shellPath = /bin/sh;
			shellScript = "diff \"${PODS_PODFILE_DIR_PATH}/Podfile.lock\" \"${PODS_ROOT}/Manifest.lock\" > /dev/null\nif [ $? != 0 ] ; then\n    # print error to STDERR\n    echo \"error: The sandbox is not in sync with the Podfile.lock. Run 'pod install' or update your CocoaPods installation.\" >&2\n    exit 1\nfi\n# This output is used by Xcode 'outputs' to avoid re-running this script phase.\necho \"SUCCESS\" > \"${SCRIPT_OUTPUT_FILE_0}\"\n";
			showEnvVarsInLog = 0;
		};
		C1A828CFFD1C9B90FC23791F /* [CP] Check Pods Manifest.lock */ = {
			isa = PBXShellScriptBuildPhase;
			buildActionMask = 2147483647;
			files = (
			);
			inputFileListPaths = (
			);
			inputPaths = (
				"${PODS_PODFILE_DIR_PATH}/Podfile.lock",
				"${PODS_ROOT}/Manifest.lock",
			);
			name = "[CP] Check Pods Manifest.lock";
			outputFileListPaths = (
			);
			outputPaths = (
				"$(DERIVED_FILE_DIR)/Pods-PearTests-checkManifestLockResult.txt",
			);
			runOnlyForDeploymentPostprocessing = 0;
			shellPath = /bin/sh;
			shellScript = "diff \"${PODS_PODFILE_DIR_PATH}/Podfile.lock\" \"${PODS_ROOT}/Manifest.lock\" > /dev/null\nif [ $? != 0 ] ; then\n    # print error to STDERR\n    echo \"error: The sandbox is not in sync with the Podfile.lock. Run 'pod install' or update your CocoaPods installation.\" >&2\n    exit 1\nfi\n# This output is used by Xcode 'outputs' to avoid re-running this script phase.\necho \"SUCCESS\" > \"${SCRIPT_OUTPUT_FILE_0}\"\n";
			showEnvVarsInLog = 0;
		};
		F81322423BBCEC3500D21C73 /* [CP] Embed Pods Frameworks */ = {
			isa = PBXShellScriptBuildPhase;
			buildActionMask = 2147483647;
			files = (
			);
			inputFileListPaths = (
				"${PODS_ROOT}/Target Support Files/Pods-Pear/Pods-Pear-frameworks-${CONFIGURATION}-input-files.xcfilelist",
			);
			name = "[CP] Embed Pods Frameworks";
			outputFileListPaths = (
				"${PODS_ROOT}/Target Support Files/Pods-Pear/Pods-Pear-frameworks-${CONFIGURATION}-output-files.xcfilelist",
			);
			runOnlyForDeploymentPostprocessing = 0;
			shellPath = /bin/sh;
			shellScript = "\"${PODS_ROOT}/Target Support Files/Pods-Pear/Pods-Pear-frameworks.sh\"\n";
			showEnvVarsInLog = 0;
		};
		FB699FF32274D76B25EC8292 /* [CP] Copy Pods Resources */ = {
			isa = PBXShellScriptBuildPhase;
			buildActionMask = 2147483647;
			files = (
			);
			inputFileListPaths = (
				"${PODS_ROOT}/Target Support Files/Pods-Pear/Pods-Pear-resources-${CONFIGURATION}-input-files.xcfilelist",
			);
			name = "[CP] Copy Pods Resources";
			outputFileListPaths = (
				"${PODS_ROOT}/Target Support Files/Pods-Pear/Pods-Pear-resources-${CONFIGURATION}-output-files.xcfilelist",
			);
			runOnlyForDeploymentPostprocessing = 0;
			shellPath = /bin/sh;
			shellScript = "\"${PODS_ROOT}/Target Support Files/Pods-Pear/Pods-Pear-resources.sh\"\n";
			showEnvVarsInLog = 0;
		};
/* End PBXShellScriptBuildPhase section */

/* Begin PBXSourcesBuildPhase section */
		D48BB00323DE099200E88129 /* Sources */ = {
			isa = PBXSourcesBuildPhase;
			buildActionMask = 2147483647;
			files = (
				5030DCFA2532C1D300374F7B /* SettingOptionTableViewCell.swift in Sources */,
				D4DDBF49257560B000D5C43A /* Demographics.swift in Sources */,
				D474105625C6E7CE0062E2B4 /* UIImage.swift in Sources */,
				D4349979253C14320024A992 /* LeftAlignedFlowLayour.swift in Sources */,
				50DA489226078B7B007654D5 /* FeedbackView.swift in Sources */,
				30304E1B23FDF336006DC6C3 /* SchedulingTimeViewController.swift in Sources */,
				D48F6F3B266FE9BD00D844B7 /* EditInterestsViewController.swift in Sources */,
				D440928025FDA3CC00A4690A /* ProfileSectionTableViewCell.swift in Sources */,
				4F811F42253A4F1300F5A15C /* FadeWrapperView.swift in Sources */,
				D4645AC725FE2F6C0029F9A5 /* ProfileSectionType.swift in Sources */,
				4FD8152D23F781790095EC17 /* MatchSummary.swift in Sources */,
				50298746253C043F00E52EDA /* EditSocialMediaViewController.swift in Sources */,
				D4490F4F2512FF69002AA934 /* SimpleOnboardingTableViewCell.swift in Sources */,
				7E06B8502543F15900D6B505 /* InterestsViewController.swift in Sources */,
				D4A812A4265077F700E3EF81 /* OnboardingTableViewCell.swift in Sources */,
				D48E31D125D9682B009AB253 /* UIAlertController.swift in Sources */,
				D46A363025F3CA4F00EADA9F /* UserSocialMedia.swift in Sources */,
				30304E0123E249AC006DC6C3 /* LoginViewController.swift in Sources */,
				D444EB4023F7CB6700406978 /* OnboardingSelectDropdownView.swift in Sources */,
				D48F6F4826700BDF00D844B7 /* EditSection.swift in Sources */,
				D440925125FB145400A4690A /* ProfileSummaryTableViewCell.swift in Sources */,
				D4490F4C2512F9A1002AA934 /* GoalsViewController.swift in Sources */,
				504CC120263A4AB500C163C4 /* SchedulingLocationCollectionViewController.swift in Sources */,
				50705D3A25676AB1000F63EE /* EditLocationAvailabilityViewController.swift in Sources */,
				D4C11125244384BA009C7E12 /* EditDemographicsViewController.swift in Sources */,
				5030DD092532D65600374F7B /* AboutParagraph.swift in Sources */,
				502AA52B26487B6F00A790C8 /* UITableView.swift in Sources */,
				305064552403961D00C5E491 /* SchedulingTimeCollectionViewCell.swift in Sources */,
				D48E31B125D95541009AB253 /* LoadingViewController.swift in Sources */,
				30E3A3C5245678EA0049D09B /* Time+Helper.swift in Sources */,
				D440928525FDA68500A4690A /* ProfilePromptTableViewCell.swift in Sources */,
				D42961A22526253B00C677C3 /* TabPageViewController.swift in Sources */,
				4FCD1A3524072A03000A290B /* SchedulingPlacesViewController.swift in Sources */,
				50AF1CBF256DF3F300D74A00 /* LocationHeaderLabelView.swift in Sources */,
				5012B55125F840FF00F5F713 /* FeedbackViewController.swift in Sources */,
				D400CEDD2671B41E0045C64A /* TimeSchedule.swift in Sources */,
				D444EB3E23F5E86400406978 /* OnboardingSearchDropdownView.swift in Sources */,
				D4A812722650529000E3EF81 /* GeoPlaceResponse.swift in Sources */,
				D480EBFF23E2429600513063 /* OnboardingDropdownTableViewCell.swift in Sources */,
				5030DCFF2532CF9000374F7B /* AboutPearViewController.swift in Sources */,
				5029873E253AB2B000E52EDA /* EditTimeAvailabilityViewController.swift in Sources */,
				4FD8152F23F7817B0095EC17 /* Interest.swift in Sources */,
				D42961892526012400C677C3 /* SimpleOnboardingCell.swift in Sources */,
				D474105B25C6EA350062E2B4 /* String.swift in Sources */,
				D4CFCDED240CBFCB00875F8D /* NoMatchViewController.swift in Sources */,
				D42873F5263A0A180033678A /* MatchProfileViewController.swift in Sources */,
				303F81A224394F95002937CD /* ProfileMenuViewController.swift in Sources */,
				30304E1423F4BCD4006DC6C3 /* UIFont+Shared.swift in Sources */,
				4FCE3AEA25200DF0004E2E33 /* MeetupStatusView.swift in Sources */,
				D4DD8E3525E1C8D400CF15D5 /* NetworkManager.swift in Sources */,
				502AA52D2648834500A790C8 /* ChatDateHeaderLabel.swift in Sources */,
				305064532403960F00C5E491 /* SchedulingDayCollectionViewCell.swift in Sources */,
				303F81A424395EC2002937CD /* MenuOptionTableViewCell.swift in Sources */,
				30304E0523E53BEE006DC6C3 /* Keys.swift in Sources */,
				5048B4C2263F623E00A382AD /* PearMessage.swift in Sources */,
				4F51324F23F3AE6B00DBDE96 /* Group.swift in Sources */,
				5030DCF52532B5F600374F7B /* SettingOption.swift in Sources */,
				D4DD8E4A25E1C92000CF15D5 /* Response.swift in Sources */,
				D440928A25FDB10700A4690A /* ProfilePillCollectionViewCell.swift in Sources */,
				D48F6F30266EBE1600D844B7 /* MajorV2.swift in Sources */,
				D480EC0623E2470000513063 /* ProfileViewController.swift in Sources */,
				5030DD042532D63100374F7B /* AboutPearTableViewCell.swift in Sources */,
				D4645ABF25FE2EF30029F9A5 /* ChatStatus.swift in Sources */,
				502AA5292648716100A790C8 /* ChatTableViewCell.swift in Sources */,
				D4645ADE2606C96B0029F9A5 /* URLSchemeHelper.swift in Sources */,
				D41FE85A246463E10048900F /* UserSession.swift in Sources */,
				D48BB00B23DE099200E88129 /* AppDelegate.swift in Sources */,
				D4D3EFF223FE546B00229587 /* LayoutHelper.swift in Sources */,
				502AA52726486BF300A790C8 /* ChatViewController.swift in Sources */,
				D41FE85C246463FC0048900F /* User.swift in Sources */,
				D48BB00D23DE099200E88129 /* SceneDelegate.swift in Sources */,
				D434997D253C151C0024A992 /* InterestTagCollectionViewCell.swift in Sources */,
				D41FE862246464310048900F /* SubUser.swift in Sources */,
				5012B55625F8414D00F5F713 /* FeedbackOption.swift in Sources */,
				D471EDA8244DBE260079665D /* MessageAlertView.swift in Sources */,
				4F753C15240F6F4100DEE686 /* SchedulingPlaceCollectionViewCell.swift in Sources */,
				D4D667492648CB1000D5E902 /* Networking.swift in Sources */,
				5012B55B25F841A300F5F713 /* FeedbackCollectionViewCell.swift in Sources */,
				D41FE85E2464640F0048900F /* Match.swift in Sources */,
				D4DD8E3D25E1C8F800CF15D5 /* Endpoints.swift in Sources */,
				5048B4C0263F5F4600A382AD /* MessagesTableViewCell.swift in Sources */,
				5029873825389E4700E52EDA /* PausePearView.swift in Sources */,
				D4A8128D2650564A00E3EF81 /* ApiManager.swift in Sources */,
				D4C8F58123EFC975007722F6 /* DemographicsViewController.swift in Sources */,
				D434997B253C14C60024A992 /* SelfSizingCollectionView.swift in Sources */,
				30304E0923E78228006DC6C3 /* Constants.swift in Sources */,
				D4DD8E4225E1C90300CF15D5 /* Body.swift in Sources */,
				50038699252E74E80036A3E6 /* SettingsViewController.swift in Sources */,
				D42961A02526246600C677C3 /* HomeViewController.swift in Sources */,
				D4FFD108252BE0780036C4B2 /* SocialMediaViewController.swift in Sources */,
				303F81A624395F63002937CD /* MenuOption.swift in Sources */,
				4FFF3B2123E9088E00C89C29 /* UIColor+Shared.swift in Sources */,
				D4C8F58323EFC97F007722F6 /* OnboardingPageViewController.swift in Sources */,
				D498CFE225265FB200F2E2ED /* CommunityViewController.swift in Sources */,
				D4BE7531253790A900E37406 /* CommunityUserTableViewCell.swift in Sources */,
				D4D6674E2648CDCC00D5E902 /* UserV2.swift in Sources */,
				5048B4BA263EE70500A382AD /* LocationFooterLabelView.swift in Sources */,
				30304E1623F5B499006DC6C3 /* MatchSummaryTableViewCell.swift in Sources */,
				D498CFDA252646C500F2E2ED /* HomeTabOptionCollectionViewCell.swift in Sources */,
				D41FC30523F112B300F8673A /* GroupsViewController.swift in Sources */,
				D48F6F40267003F400D844B7 /* EditGroupsViewController.swift in Sources */,
				5048B4BE263F56FD00A382AD /* MessagesViewController.swift in Sources */,
			);
			runOnlyForDeploymentPostprocessing = 0;
		};
		D48BB01923DE099900E88129 /* Sources */ = {
			isa = PBXSourcesBuildPhase;
			buildActionMask = 2147483647;
			files = (
				D48BB02223DE099900E88129 /* PearTests.swift in Sources */,
			);
			runOnlyForDeploymentPostprocessing = 0;
		};
		D48BB02423DE099900E88129 /* Sources */ = {
			isa = PBXSourcesBuildPhase;
			buildActionMask = 2147483647;
			files = (
				D48BB02D23DE099900E88129 /* PearUITests.swift in Sources */,
			);
			runOnlyForDeploymentPostprocessing = 0;
		};
/* End PBXSourcesBuildPhase section */

/* Begin PBXTargetDependency section */
		D48BB01F23DE099900E88129 /* PBXTargetDependency */ = {
			isa = PBXTargetDependency;
			target = D48BB00623DE099200E88129 /* Pear */;
			targetProxy = D48BB01E23DE099900E88129 /* PBXContainerItemProxy */;
		};
		D48BB02A23DE099900E88129 /* PBXTargetDependency */ = {
			isa = PBXTargetDependency;
			target = D48BB00623DE099200E88129 /* Pear */;
			targetProxy = D48BB02923DE099900E88129 /* PBXContainerItemProxy */;
		};
/* End PBXTargetDependency section */

/* Begin PBXVariantGroup section */
		D48BB01023DE099200E88129 /* Main.storyboard */ = {
			isa = PBXVariantGroup;
			children = (
				D48BB01123DE099200E88129 /* Base */,
			);
			name = Main.storyboard;
			sourceTree = "<group>";
		};
		D48BB01523DE099800E88129 /* LaunchScreen.storyboard */ = {
			isa = PBXVariantGroup;
			children = (
				D48BB01623DE099800E88129 /* Base */,
			);
			name = LaunchScreen.storyboard;
			sourceTree = "<group>";
		};
/* End PBXVariantGroup section */

/* Begin XCBuildConfiguration section */
		D48BB02F23DE099900E88129 /* Debug */ = {
			isa = XCBuildConfiguration;
			buildSettings = {
				ALWAYS_EMBED_SWIFT_STANDARD_LIBRARIES = "$(inherited)";
				ALWAYS_SEARCH_USER_PATHS = NO;
				CLANG_ANALYZER_NONNULL = YES;
				CLANG_ANALYZER_NUMBER_OBJECT_CONVERSION = YES_AGGRESSIVE;
				CLANG_CXX_LANGUAGE_STANDARD = "gnu++14";
				CLANG_CXX_LIBRARY = "libc++";
				CLANG_ENABLE_MODULES = YES;
				CLANG_ENABLE_OBJC_ARC = YES;
				CLANG_ENABLE_OBJC_WEAK = YES;
				CLANG_WARN_BLOCK_CAPTURE_AUTORELEASING = YES;
				CLANG_WARN_BOOL_CONVERSION = YES;
				CLANG_WARN_COMMA = YES;
				CLANG_WARN_CONSTANT_CONVERSION = YES;
				CLANG_WARN_DEPRECATED_OBJC_IMPLEMENTATIONS = YES;
				CLANG_WARN_DIRECT_OBJC_ISA_USAGE = YES_ERROR;
				CLANG_WARN_DOCUMENTATION_COMMENTS = YES;
				CLANG_WARN_EMPTY_BODY = YES;
				CLANG_WARN_ENUM_CONVERSION = YES;
				CLANG_WARN_INFINITE_RECURSION = YES;
				CLANG_WARN_INT_CONVERSION = YES;
				CLANG_WARN_NON_LITERAL_NULL_CONVERSION = YES;
				CLANG_WARN_OBJC_IMPLICIT_RETAIN_SELF = YES;
				CLANG_WARN_OBJC_LITERAL_CONVERSION = YES;
				CLANG_WARN_OBJC_ROOT_CLASS = YES_ERROR;
				CLANG_WARN_QUOTED_INCLUDE_IN_FRAMEWORK_HEADER = YES;
				CLANG_WARN_RANGE_LOOP_ANALYSIS = YES;
				CLANG_WARN_STRICT_PROTOTYPES = YES;
				CLANG_WARN_SUSPICIOUS_MOVE = YES;
				CLANG_WARN_UNGUARDED_AVAILABILITY = YES_AGGRESSIVE;
				CLANG_WARN_UNREACHABLE_CODE = YES;
				CLANG_WARN__DUPLICATE_METHOD_MATCH = YES;
				COPY_PHASE_STRIP = NO;
				DEBUG_INFORMATION_FORMAT = dwarf;
				ENABLE_STRICT_OBJC_MSGSEND = YES;
				ENABLE_TESTABILITY = YES;
				GCC_C_LANGUAGE_STANDARD = gnu11;
				GCC_DYNAMIC_NO_PIC = NO;
				GCC_NO_COMMON_BLOCKS = YES;
				GCC_OPTIMIZATION_LEVEL = 0;
				GCC_PREPROCESSOR_DEFINITIONS = (
					"DEBUG=1",
					"$(inherited)",
				);
				GCC_WARN_64_TO_32_BIT_CONVERSION = YES;
				GCC_WARN_ABOUT_RETURN_TYPE = YES_ERROR;
				GCC_WARN_UNDECLARED_SELECTOR = YES;
				GCC_WARN_UNINITIALIZED_AUTOS = YES_AGGRESSIVE;
				GCC_WARN_UNUSED_FUNCTION = YES;
				GCC_WARN_UNUSED_VARIABLE = YES;
				IPHONEOS_DEPLOYMENT_TARGET = 13.0;
				MTL_ENABLE_DEBUG_INFO = INCLUDE_SOURCE;
				MTL_FAST_MATH = YES;
				ONLY_ACTIVE_ARCH = YES;
				SDKROOT = iphoneos;
				SWIFT_ACTIVE_COMPILATION_CONDITIONS = DEBUG;
				SWIFT_OPTIMIZATION_LEVEL = "-Onone";
			};
			name = Debug;
		};
		D48BB03023DE099900E88129 /* Release */ = {
			isa = XCBuildConfiguration;
			buildSettings = {
				ALWAYS_EMBED_SWIFT_STANDARD_LIBRARIES = "$(inherited)";
				ALWAYS_SEARCH_USER_PATHS = NO;
				CLANG_ANALYZER_NONNULL = YES;
				CLANG_ANALYZER_NUMBER_OBJECT_CONVERSION = YES_AGGRESSIVE;
				CLANG_CXX_LANGUAGE_STANDARD = "gnu++14";
				CLANG_CXX_LIBRARY = "libc++";
				CLANG_ENABLE_MODULES = YES;
				CLANG_ENABLE_OBJC_ARC = YES;
				CLANG_ENABLE_OBJC_WEAK = YES;
				CLANG_WARN_BLOCK_CAPTURE_AUTORELEASING = YES;
				CLANG_WARN_BOOL_CONVERSION = YES;
				CLANG_WARN_COMMA = YES;
				CLANG_WARN_CONSTANT_CONVERSION = YES;
				CLANG_WARN_DEPRECATED_OBJC_IMPLEMENTATIONS = YES;
				CLANG_WARN_DIRECT_OBJC_ISA_USAGE = YES_ERROR;
				CLANG_WARN_DOCUMENTATION_COMMENTS = YES;
				CLANG_WARN_EMPTY_BODY = YES;
				CLANG_WARN_ENUM_CONVERSION = YES;
				CLANG_WARN_INFINITE_RECURSION = YES;
				CLANG_WARN_INT_CONVERSION = YES;
				CLANG_WARN_NON_LITERAL_NULL_CONVERSION = YES;
				CLANG_WARN_OBJC_IMPLICIT_RETAIN_SELF = YES;
				CLANG_WARN_OBJC_LITERAL_CONVERSION = YES;
				CLANG_WARN_OBJC_ROOT_CLASS = YES_ERROR;
				CLANG_WARN_QUOTED_INCLUDE_IN_FRAMEWORK_HEADER = YES;
				CLANG_WARN_RANGE_LOOP_ANALYSIS = YES;
				CLANG_WARN_STRICT_PROTOTYPES = YES;
				CLANG_WARN_SUSPICIOUS_MOVE = YES;
				CLANG_WARN_UNGUARDED_AVAILABILITY = YES_AGGRESSIVE;
				CLANG_WARN_UNREACHABLE_CODE = YES;
				CLANG_WARN__DUPLICATE_METHOD_MATCH = YES;
				COPY_PHASE_STRIP = NO;
				DEBUG_INFORMATION_FORMAT = "dwarf-with-dsym";
				ENABLE_NS_ASSERTIONS = NO;
				ENABLE_STRICT_OBJC_MSGSEND = YES;
				GCC_C_LANGUAGE_STANDARD = gnu11;
				GCC_NO_COMMON_BLOCKS = YES;
				GCC_WARN_64_TO_32_BIT_CONVERSION = YES;
				GCC_WARN_ABOUT_RETURN_TYPE = YES_ERROR;
				GCC_WARN_UNDECLARED_SELECTOR = YES;
				GCC_WARN_UNINITIALIZED_AUTOS = YES_AGGRESSIVE;
				GCC_WARN_UNUSED_FUNCTION = YES;
				GCC_WARN_UNUSED_VARIABLE = YES;
				IPHONEOS_DEPLOYMENT_TARGET = 13.0;
				MTL_ENABLE_DEBUG_INFO = NO;
				MTL_FAST_MATH = YES;
				SDKROOT = iphoneos;
				SWIFT_COMPILATION_MODE = wholemodule;
				SWIFT_OPTIMIZATION_LEVEL = "-O";
				VALIDATE_PRODUCT = YES;
			};
			name = Release;
		};
		D48BB03223DE099900E88129 /* Debug */ = {
			isa = XCBuildConfiguration;
			baseConfigurationReference = 067987639AC1B59C5E3E2766 /* Pods-Pear.debug.xcconfig */;
			buildSettings = {
				ASSETCATALOG_COMPILER_APPICON_NAME = AppIcon;
				CODE_SIGN_STYLE = Automatic;
				CURRENT_PROJECT_VERSION = 1.3.2;
				DEVELOPMENT_TEAM = ZGMCXU7X3U;
				INFOPLIST_FILE = Pear/Info.plist;
				IPHONEOS_DEPLOYMENT_TARGET = 14.1;
				LD_RUNPATH_SEARCH_PATHS = (
					"$(inherited)",
					"@executable_path/Frameworks",
				);
				PRODUCT_BUNDLE_IDENTIFIER = com.cornellappdev.pear;
				PRODUCT_NAME = Pear;
				SWIFT_VERSION = 5.0;
				TARGETED_DEVICE_FAMILY = "1,2";
			};
			name = Debug;
		};
		D48BB03323DE099900E88129 /* Release */ = {
			isa = XCBuildConfiguration;
			baseConfigurationReference = A37CF654CFFF2C3B82B76BF6 /* Pods-Pear.release.xcconfig */;
			buildSettings = {
				ASSETCATALOG_COMPILER_APPICON_NAME = AppIcon;
				CODE_SIGN_STYLE = Automatic;
				CURRENT_PROJECT_VERSION = 1.3.2;
				DEVELOPMENT_TEAM = ZGMCXU7X3U;
				INFOPLIST_FILE = Pear/Info.plist;
				IPHONEOS_DEPLOYMENT_TARGET = 14.1;
				LD_RUNPATH_SEARCH_PATHS = (
					"$(inherited)",
					"@executable_path/Frameworks",
				);
				PRODUCT_BUNDLE_IDENTIFIER = com.cornellappdev.pear;
				PRODUCT_NAME = Pear;
				SWIFT_VERSION = 5.0;
				TARGETED_DEVICE_FAMILY = "1,2";
			};
			name = Release;
		};
		D48BB03523DE099900E88129 /* Debug */ = {
			isa = XCBuildConfiguration;
			baseConfigurationReference = D8053162A067F7C5C83A11A0 /* Pods-PearTests.debug.xcconfig */;
			buildSettings = {
				ALWAYS_EMBED_SWIFT_STANDARD_LIBRARIES = YES;
				BUNDLE_LOADER = "$(TEST_HOST)";
				CODE_SIGN_STYLE = Automatic;
				DEVELOPMENT_TEAM = ZGMCXU7X3U;
				INFOPLIST_FILE = PearTests/Info.plist;
				IPHONEOS_DEPLOYMENT_TARGET = 13.2;
				LD_RUNPATH_SEARCH_PATHS = (
					"$(inherited)",
					"@executable_path/Frameworks",
					"@loader_path/Frameworks",
				);
				PRODUCT_BUNDLE_IDENTIFIER = com.cornellappdev.PearTests;
				PRODUCT_NAME = "$(TARGET_NAME)";
				SWIFT_VERSION = 5.0;
				TARGETED_DEVICE_FAMILY = "1,2";
				TEST_HOST = "$(BUILT_PRODUCTS_DIR)/Pear.app/Pear";
			};
			name = Debug;
		};
		D48BB03623DE099900E88129 /* Release */ = {
			isa = XCBuildConfiguration;
			baseConfigurationReference = A9CFCDDB1E604F399B2EE9DD /* Pods-PearTests.release.xcconfig */;
			buildSettings = {
				ALWAYS_EMBED_SWIFT_STANDARD_LIBRARIES = YES;
				BUNDLE_LOADER = "$(TEST_HOST)";
				CODE_SIGN_STYLE = Automatic;
				DEVELOPMENT_TEAM = ZGMCXU7X3U;
				INFOPLIST_FILE = PearTests/Info.plist;
				IPHONEOS_DEPLOYMENT_TARGET = 13.2;
				LD_RUNPATH_SEARCH_PATHS = (
					"$(inherited)",
					"@executable_path/Frameworks",
					"@loader_path/Frameworks",
				);
				PRODUCT_BUNDLE_IDENTIFIER = com.cornellappdev.PearTests;
				PRODUCT_NAME = "$(TARGET_NAME)";
				SWIFT_VERSION = 5.0;
				TARGETED_DEVICE_FAMILY = "1,2";
				TEST_HOST = "$(BUILT_PRODUCTS_DIR)/Pear.app/Pear";
			};
			name = Release;
		};
		D48BB03823DE099900E88129 /* Debug */ = {
			isa = XCBuildConfiguration;
			baseConfigurationReference = B36C954027F90CE60D87DD00 /* Pods-Pear-PearUITests.debug.xcconfig */;
			buildSettings = {
				ALWAYS_EMBED_SWIFT_STANDARD_LIBRARIES = YES;
				CODE_SIGN_STYLE = Automatic;
				DEVELOPMENT_TEAM = ZGMCXU7X3U;
				INFOPLIST_FILE = PearUITests/Info.plist;
				IPHONEOS_DEPLOYMENT_TARGET = 14.0;
				LD_RUNPATH_SEARCH_PATHS = (
					"$(inherited)",
					"@executable_path/Frameworks",
					"@loader_path/Frameworks",
				);
				PRODUCT_BUNDLE_IDENTIFIER = com.cornellappdev.PearUITests;
				PRODUCT_NAME = "$(TARGET_NAME)";
				SWIFT_VERSION = 5.0;
				TARGETED_DEVICE_FAMILY = "1,2";
				TEST_TARGET_NAME = Pear;
			};
			name = Debug;
		};
		D48BB03923DE099900E88129 /* Release */ = {
			isa = XCBuildConfiguration;
			baseConfigurationReference = 0AE329BBAC05B16E0D6D204C /* Pods-Pear-PearUITests.release.xcconfig */;
			buildSettings = {
				ALWAYS_EMBED_SWIFT_STANDARD_LIBRARIES = YES;
				CODE_SIGN_STYLE = Automatic;
				DEVELOPMENT_TEAM = ZGMCXU7X3U;
				INFOPLIST_FILE = PearUITests/Info.plist;
				IPHONEOS_DEPLOYMENT_TARGET = 14.0;
				LD_RUNPATH_SEARCH_PATHS = (
					"$(inherited)",
					"@executable_path/Frameworks",
					"@loader_path/Frameworks",
				);
				PRODUCT_BUNDLE_IDENTIFIER = com.cornellappdev.PearUITests;
				PRODUCT_NAME = "$(TARGET_NAME)";
				SWIFT_VERSION = 5.0;
				TARGETED_DEVICE_FAMILY = "1,2";
				TEST_TARGET_NAME = Pear;
			};
			name = Release;
		};
/* End XCBuildConfiguration section */

/* Begin XCConfigurationList section */
		D48BB00223DE099200E88129 /* Build configuration list for PBXProject "Pear" */ = {
			isa = XCConfigurationList;
			buildConfigurations = (
				D48BB02F23DE099900E88129 /* Debug */,
				D48BB03023DE099900E88129 /* Release */,
			);
			defaultConfigurationIsVisible = 0;
			defaultConfigurationName = Release;
		};
		D48BB03123DE099900E88129 /* Build configuration list for PBXNativeTarget "Pear" */ = {
			isa = XCConfigurationList;
			buildConfigurations = (
				D48BB03223DE099900E88129 /* Debug */,
				D48BB03323DE099900E88129 /* Release */,
			);
			defaultConfigurationIsVisible = 0;
			defaultConfigurationName = Release;
		};
		D48BB03423DE099900E88129 /* Build configuration list for PBXNativeTarget "PearTests" */ = {
			isa = XCConfigurationList;
			buildConfigurations = (
				D48BB03523DE099900E88129 /* Debug */,
				D48BB03623DE099900E88129 /* Release */,
			);
			defaultConfigurationIsVisible = 0;
			defaultConfigurationName = Release;
		};
		D48BB03723DE099900E88129 /* Build configuration list for PBXNativeTarget "PearUITests" */ = {
			isa = XCConfigurationList;
			buildConfigurations = (
				D48BB03823DE099900E88129 /* Debug */,
				D48BB03923DE099900E88129 /* Release */,
			);
			defaultConfigurationIsVisible = 0;
			defaultConfigurationName = Release;
		};
/* End XCConfigurationList section */
	};
	rootObject = D48BAFFF23DE099200E88129 /* Project object */;
}
